
Microsoft Visual Studio Solution File, Format Version 12.00
# Visual Studio Version 17
VisualStudioVersion = 17.6.33815.320
MinimumVisualStudioVersion = 10.0.40219.1
Project("{2150E333-8FDC-42A3-9474-1A3956D46DE8}") = "build", "build", "{E134A9F5-CBCB-4FE5-A45C-93E604598740}"
	ProjectSection(SolutionItems) = preProject
		build\common.props = build\common.props
		build\version.props = build\version.props
	EndProjectSection
EndProject
Project("{2150E333-8FDC-42A3-9474-1A3956D46DE8}") = "tests", "tests", "{A6912BC4-CAE6-4864-86A9-AD4E3B39A5E8}"
EndProject
Project("{2150E333-8FDC-42A3-9474-1A3956D46DE8}") = "src", "src", "{158BE5B9-2E8B-4604-B726-54D33EC820EF}"
EndProject
Project("{2150E333-8FDC-42A3-9474-1A3956D46DE8}") = "Application Core", "Application Core", "{4BBCA344-8CA2-4CDD-B91E-ED8559F3519B}"
EndProject
Project("{2150E333-8FDC-42A3-9474-1A3956D46DE8}") = "Application Services", "Application Services", "{DDB213D7-EA9D-43D9-8E76-C72DDC28E9C7}"
EndProject
Project("{2150E333-8FDC-42A3-9474-1A3956D46DE8}") = "Infrastructures", "Infrastructures", "{B5E3D66B-445B-4EF6-87C0-BF1C97106FFA}"
EndProject
Project("{2150E333-8FDC-42A3-9474-1A3956D46DE8}") = "Domain", "Domain", "{11703CFC-FFC5-4AF3-A72F-543726B6BCC6}"
EndProject
Project("{2150E333-8FDC-42A3-9474-1A3956D46DE8}") = "SharedKernel", "SharedKernel", "{37ED5549-75D4-4A9B-A6F5-B3BC4CF5FE6B}"
EndProject
Project("{2150E333-8FDC-42A3-9474-1A3956D46DE8}") = "Core", "Core", "{72D5B35D-0E80-4052-9267-A181BA39CA33}"
EndProject
Project("{2150E333-8FDC-42A3-9474-1A3956D46DE8}") = "Support", "Support", "{5BC879AF-968A-472A-9F25-08E59A6C038F}"
EndProject
Project("{2150E333-8FDC-42A3-9474-1A3956D46DE8}") = "Presentation", "Presentation", "{8D4FA694-566F-4B9B-A392-359C25FC56BA}"
EndProject
Project("{9A19103F-16F7-4668-BE54-9A1E7A4F7556}") = "XLaunch", "src\Infrastructures\Presentation\XLaunch\XLaunch\XLaunch.csproj", "{32CA30A0-1F99-4968-9998-B2FFDEE4EE84}"
EndProject
Project("{2150E333-8FDC-42A3-9474-1A3956D46DE8}") = "examples", "examples", "{9A4B964F-9890-43B7-91EA-2C4C5E3EDC18}"
EndProject
Project("{2150E333-8FDC-42A3-9474-1A3956D46DE8}") = "Source", "Source", "{7712156B-9997-4B5A-8F3E-4F2BEAE7B6ED}"
EndProject
Project("{2150E333-8FDC-42A3-9474-1A3956D46DE8}") = "Platforms", "Platforms", "{906B5A65-D8A6-41E6-8612-DCB0CE52F427}"
EndProject
Project("{9A19103F-16F7-4668-BE54-9A1E7A4F7556}") = "XLaunch.DataContracts", "src\Infrastructures\Presentation\XLaunch\XLaunch.DataContracts\XLaunch.DataContracts.csproj", "{CDBEA1B9-402B-4E0A-B142-BB684FB38A18}"
EndProject
Project("{9A19103F-16F7-4668-BE54-9A1E7A4F7556}") = "XLaunch.Mobile", "src\Infrastructures\Presentation\XLaunch\XLaunch.Mobile\XLaunch.Mobile.csproj", "{F0C95534-7F50-4EA8-9143-34F6D7B88E72}"
EndProject
Project("{9A19103F-16F7-4668-BE54-9A1E7A4F7556}") = "XLaunch.Windows", "src\Infrastructures\Presentation\XLaunch\XLaunch.Windows\XLaunch.Windows.csproj", "{053F717B-05EA-4F9F-88E9-05C9D2743050}"
EndProject
Project("{9A19103F-16F7-4668-BE54-9A1E7A4F7556}") = "XLaunch.Skia.Gtk", "src\Infrastructures\Presentation\XLaunch\XLaunch.Skia.Gtk\XLaunch.Skia.Gtk.csproj", "{4B093E61-FFEA-4A60-8FCF-A9CCAE657CB2}"
EndProject
Project("{9A19103F-16F7-4668-BE54-9A1E7A4F7556}") = "XLaunch.Skia.Wpf", "src\Infrastructures\Presentation\XLaunch\XLaunch.Skia.WPF\XLaunch.Skia.Wpf.csproj", "{8919050D-C7B6-4C94-9A0D-A71A1EA69E21}"
EndProject
Project("{9A19103F-16F7-4668-BE54-9A1E7A4F7556}") = "NewUI.Windows", "examples\NewUI.Windows\NewUI.Windows.csproj", "{758BCCB9-F52A-4175-9E7E-3CF48256BF39}"
EndProject
Global
	GlobalSection(SolutionConfigurationPlatforms) = preSolution
		Debug|Any CPU = Debug|Any CPU
		Debug|arm64 = Debug|arm64
		Debug|x64 = Debug|x64
		Debug|x86 = Debug|x86
		Release|Any CPU = Release|Any CPU
		Release|arm64 = Release|arm64
		Release|x64 = Release|x64
		Release|x86 = Release|x86
	EndGlobalSection
	GlobalSection(ProjectConfigurationPlatforms) = postSolution
		{32CA30A0-1F99-4968-9998-B2FFDEE4EE84}.Debug|Any CPU.ActiveCfg = Debug|Any CPU
		{32CA30A0-1F99-4968-9998-B2FFDEE4EE84}.Debug|Any CPU.Build.0 = Debug|Any CPU
		{32CA30A0-1F99-4968-9998-B2FFDEE4EE84}.Debug|arm64.ActiveCfg = Debug|Any CPU
		{32CA30A0-1F99-4968-9998-B2FFDEE4EE84}.Debug|arm64.Build.0 = Debug|Any CPU
		{32CA30A0-1F99-4968-9998-B2FFDEE4EE84}.Debug|x64.ActiveCfg = Debug|Any CPU
		{32CA30A0-1F99-4968-9998-B2FFDEE4EE84}.Debug|x64.Build.0 = Debug|Any CPU
		{32CA30A0-1F99-4968-9998-B2FFDEE4EE84}.Debug|x86.ActiveCfg = Debug|Any CPU
		{32CA30A0-1F99-4968-9998-B2FFDEE4EE84}.Debug|x86.Build.0 = Debug|Any CPU
		{32CA30A0-1F99-4968-9998-B2FFDEE4EE84}.Release|Any CPU.ActiveCfg = Release|Any CPU
		{32CA30A0-1F99-4968-9998-B2FFDEE4EE84}.Release|Any CPU.Build.0 = Release|Any CPU
		{32CA30A0-1F99-4968-9998-B2FFDEE4EE84}.Release|arm64.ActiveCfg = Release|Any CPU
		{32CA30A0-1F99-4968-9998-B2FFDEE4EE84}.Release|arm64.Build.0 = Release|Any CPU
		{32CA30A0-1F99-4968-9998-B2FFDEE4EE84}.Release|x64.ActiveCfg = Release|Any CPU
		{32CA30A0-1F99-4968-9998-B2FFDEE4EE84}.Release|x64.Build.0 = Release|Any CPU
		{32CA30A0-1F99-4968-9998-B2FFDEE4EE84}.Release|x86.ActiveCfg = Release|Any CPU
		{32CA30A0-1F99-4968-9998-B2FFDEE4EE84}.Release|x86.Build.0 = Release|Any CPU
		{CDBEA1B9-402B-4E0A-B142-BB684FB38A18}.Debug|Any CPU.ActiveCfg = Debug|Any CPU
		{CDBEA1B9-402B-4E0A-B142-BB684FB38A18}.Debug|Any CPU.Build.0 = Debug|Any CPU
		{CDBEA1B9-402B-4E0A-B142-BB684FB38A18}.Debug|arm64.ActiveCfg = Debug|Any CPU
		{CDBEA1B9-402B-4E0A-B142-BB684FB38A18}.Debug|arm64.Build.0 = Debug|Any CPU
		{CDBEA1B9-402B-4E0A-B142-BB684FB38A18}.Debug|x64.ActiveCfg = Debug|Any CPU
		{CDBEA1B9-402B-4E0A-B142-BB684FB38A18}.Debug|x64.Build.0 = Debug|Any CPU
		{CDBEA1B9-402B-4E0A-B142-BB684FB38A18}.Debug|x86.ActiveCfg = Debug|Any CPU
		{CDBEA1B9-402B-4E0A-B142-BB684FB38A18}.Debug|x86.Build.0 = Debug|Any CPU
		{CDBEA1B9-402B-4E0A-B142-BB684FB38A18}.Release|Any CPU.ActiveCfg = Release|Any CPU
		{CDBEA1B9-402B-4E0A-B142-BB684FB38A18}.Release|Any CPU.Build.0 = Release|Any CPU
		{CDBEA1B9-402B-4E0A-B142-BB684FB38A18}.Release|arm64.ActiveCfg = Release|Any CPU
		{CDBEA1B9-402B-4E0A-B142-BB684FB38A18}.Release|arm64.Build.0 = Release|Any CPU
		{CDBEA1B9-402B-4E0A-B142-BB684FB38A18}.Release|x64.ActiveCfg = Release|Any CPU
		{CDBEA1B9-402B-4E0A-B142-BB684FB38A18}.Release|x64.Build.0 = Release|Any CPU
		{CDBEA1B9-402B-4E0A-B142-BB684FB38A18}.Release|x86.ActiveCfg = Release|Any CPU
		{CDBEA1B9-402B-4E0A-B142-BB684FB38A18}.Release|x86.Build.0 = Release|Any CPU
		{F0C95534-7F50-4EA8-9143-34F6D7B88E72}.Debug|Any CPU.ActiveCfg = Debug|Any CPU
		{F0C95534-7F50-4EA8-9143-34F6D7B88E72}.Debug|Any CPU.Build.0 = Debug|Any CPU
		{F0C95534-7F50-4EA8-9143-34F6D7B88E72}.Debug|Any CPU.Deploy.0 = Debug|Any CPU
		{F0C95534-7F50-4EA8-9143-34F6D7B88E72}.Debug|arm64.ActiveCfg = Debug|Any CPU
		{F0C95534-7F50-4EA8-9143-34F6D7B88E72}.Debug|arm64.Build.0 = Debug|Any CPU
		{F0C95534-7F50-4EA8-9143-34F6D7B88E72}.Debug|x64.ActiveCfg = Debug|Any CPU
		{F0C95534-7F50-4EA8-9143-34F6D7B88E72}.Debug|x64.Build.0 = Debug|Any CPU
		{F0C95534-7F50-4EA8-9143-34F6D7B88E72}.Debug|x86.ActiveCfg = Debug|Any CPU
		{F0C95534-7F50-4EA8-9143-34F6D7B88E72}.Debug|x86.Build.0 = Debug|Any CPU
		{F0C95534-7F50-4EA8-9143-34F6D7B88E72}.Release|Any CPU.ActiveCfg = Release|Any CPU
		{F0C95534-7F50-4EA8-9143-34F6D7B88E72}.Release|Any CPU.Build.0 = Release|Any CPU
		{F0C95534-7F50-4EA8-9143-34F6D7B88E72}.Release|Any CPU.Deploy.0 = Release|Any CPU
		{F0C95534-7F50-4EA8-9143-34F6D7B88E72}.Release|arm64.ActiveCfg = Release|Any CPU
		{F0C95534-7F50-4EA8-9143-34F6D7B88E72}.Release|arm64.Build.0 = Release|Any CPU
		{F0C95534-7F50-4EA8-9143-34F6D7B88E72}.Release|x64.ActiveCfg = Release|Any CPU
		{F0C95534-7F50-4EA8-9143-34F6D7B88E72}.Release|x64.Build.0 = Release|Any CPU
		{F0C95534-7F50-4EA8-9143-34F6D7B88E72}.Release|x86.ActiveCfg = Release|Any CPU
		{F0C95534-7F50-4EA8-9143-34F6D7B88E72}.Release|x86.Build.0 = Release|Any CPU
		{053F717B-05EA-4F9F-88E9-05C9D2743050}.Debug|Any CPU.ActiveCfg = Debug|x64
		{053F717B-05EA-4F9F-88E9-05C9D2743050}.Debug|Any CPU.Build.0 = Debug|x64
		{053F717B-05EA-4F9F-88E9-05C9D2743050}.Debug|Any CPU.Deploy.0 = Debug|x64
		{053F717B-05EA-4F9F-88E9-05C9D2743050}.Debug|arm64.ActiveCfg = Debug|arm64
		{053F717B-05EA-4F9F-88E9-05C9D2743050}.Debug|arm64.Build.0 = Debug|arm64
		{053F717B-05EA-4F9F-88E9-05C9D2743050}.Debug|arm64.Deploy.0 = Debug|arm64
		{053F717B-05EA-4F9F-88E9-05C9D2743050}.Debug|x64.ActiveCfg = Debug|x64
		{053F717B-05EA-4F9F-88E9-05C9D2743050}.Debug|x64.Build.0 = Debug|x64
		{053F717B-05EA-4F9F-88E9-05C9D2743050}.Debug|x64.Deploy.0 = Debug|x64
		{053F717B-05EA-4F9F-88E9-05C9D2743050}.Debug|x86.ActiveCfg = Debug|x86
		{053F717B-05EA-4F9F-88E9-05C9D2743050}.Debug|x86.Build.0 = Debug|x86
		{053F717B-05EA-4F9F-88E9-05C9D2743050}.Debug|x86.Deploy.0 = Debug|x86
		{053F717B-05EA-4F9F-88E9-05C9D2743050}.Release|Any CPU.ActiveCfg = Release|x64
		{053F717B-05EA-4F9F-88E9-05C9D2743050}.Release|Any CPU.Build.0 = Release|x64
		{053F717B-05EA-4F9F-88E9-05C9D2743050}.Release|Any CPU.Deploy.0 = Release|x64
		{053F717B-05EA-4F9F-88E9-05C9D2743050}.Release|arm64.ActiveCfg = Release|arm64
		{053F717B-05EA-4F9F-88E9-05C9D2743050}.Release|arm64.Build.0 = Release|arm64
		{053F717B-05EA-4F9F-88E9-05C9D2743050}.Release|arm64.Deploy.0 = Release|arm64
		{053F717B-05EA-4F9F-88E9-05C9D2743050}.Release|x64.ActiveCfg = Release|x64
		{053F717B-05EA-4F9F-88E9-05C9D2743050}.Release|x64.Build.0 = Release|x64
		{053F717B-05EA-4F9F-88E9-05C9D2743050}.Release|x64.Deploy.0 = Release|x64
		{053F717B-05EA-4F9F-88E9-05C9D2743050}.Release|x86.ActiveCfg = Release|x86
		{053F717B-05EA-4F9F-88E9-05C9D2743050}.Release|x86.Build.0 = Release|x86
		{053F717B-05EA-4F9F-88E9-05C9D2743050}.Release|x86.Deploy.0 = Release|x86
		{4B093E61-FFEA-4A60-8FCF-A9CCAE657CB2}.Debug|Any CPU.ActiveCfg = Debug|Any CPU
		{4B093E61-FFEA-4A60-8FCF-A9CCAE657CB2}.Debug|Any CPU.Build.0 = Debug|Any CPU
		{4B093E61-FFEA-4A60-8FCF-A9CCAE657CB2}.Debug|arm64.ActiveCfg = Debug|Any CPU
		{4B093E61-FFEA-4A60-8FCF-A9CCAE657CB2}.Debug|arm64.Build.0 = Debug|Any CPU
		{4B093E61-FFEA-4A60-8FCF-A9CCAE657CB2}.Debug|x64.ActiveCfg = Debug|Any CPU
		{4B093E61-FFEA-4A60-8FCF-A9CCAE657CB2}.Debug|x64.Build.0 = Debug|Any CPU
		{4B093E61-FFEA-4A60-8FCF-A9CCAE657CB2}.Debug|x86.ActiveCfg = Debug|Any CPU
		{4B093E61-FFEA-4A60-8FCF-A9CCAE657CB2}.Debug|x86.Build.0 = Debug|Any CPU
		{4B093E61-FFEA-4A60-8FCF-A9CCAE657CB2}.Release|Any CPU.ActiveCfg = Release|Any CPU
		{4B093E61-FFEA-4A60-8FCF-A9CCAE657CB2}.Release|Any CPU.Build.0 = Release|Any CPU
		{4B093E61-FFEA-4A60-8FCF-A9CCAE657CB2}.Release|arm64.ActiveCfg = Release|Any CPU
		{4B093E61-FFEA-4A60-8FCF-A9CCAE657CB2}.Release|arm64.Build.0 = Release|Any CPU
		{4B093E61-FFEA-4A60-8FCF-A9CCAE657CB2}.Release|x64.ActiveCfg = Release|Any CPU
		{4B093E61-FFEA-4A60-8FCF-A9CCAE657CB2}.Release|x64.Build.0 = Release|Any CPU
		{4B093E61-FFEA-4A60-8FCF-A9CCAE657CB2}.Release|x86.ActiveCfg = Release|Any CPU
		{4B093E61-FFEA-4A60-8FCF-A9CCAE657CB2}.Release|x86.Build.0 = Release|Any CPU
		{8919050D-C7B6-4C94-9A0D-A71A1EA69E21}.Debug|Any CPU.ActiveCfg = Debug|Any CPU
		{8919050D-C7B6-4C94-9A0D-A71A1EA69E21}.Debug|Any CPU.Build.0 = Debug|Any CPU
		{8919050D-C7B6-4C94-9A0D-A71A1EA69E21}.Debug|arm64.ActiveCfg = Debug|Any CPU
		{8919050D-C7B6-4C94-9A0D-A71A1EA69E21}.Debug|arm64.Build.0 = Debug|Any CPU
		{8919050D-C7B6-4C94-9A0D-A71A1EA69E21}.Debug|x64.ActiveCfg = Debug|Any CPU
		{8919050D-C7B6-4C94-9A0D-A71A1EA69E21}.Debug|x64.Build.0 = Debug|Any CPU
		{8919050D-C7B6-4C94-9A0D-A71A1EA69E21}.Debug|x86.ActiveCfg = Debug|Any CPU
		{8919050D-C7B6-4C94-9A0D-A71A1EA69E21}.Debug|x86.Build.0 = Debug|Any CPU
		{8919050D-C7B6-4C94-9A0D-A71A1EA69E21}.Release|Any CPU.ActiveCfg = Release|Any CPU
		{8919050D-C7B6-4C94-9A0D-A71A1EA69E21}.Release|Any CPU.Build.0 = Release|Any CPU
		{8919050D-C7B6-4C94-9A0D-A71A1EA69E21}.Release|arm64.ActiveCfg = Release|Any CPU
		{8919050D-C7B6-4C94-9A0D-A71A1EA69E21}.Release|arm64.Build.0 = Release|Any CPU
		{8919050D-C7B6-4C94-9A0D-A71A1EA69E21}.Release|x64.ActiveCfg = Release|Any CPU
		{8919050D-C7B6-4C94-9A0D-A71A1EA69E21}.Release|x64.Build.0 = Release|Any CPU
		{8919050D-C7B6-4C94-9A0D-A71A1EA69E21}.Release|x86.ActiveCfg = Release|Any CPU
		{8919050D-C7B6-4C94-9A0D-A71A1EA69E21}.Release|x86.Build.0 = Release|Any CPU
		{758BCCB9-F52A-4175-9E7E-3CF48256BF39}.Debug|Any CPU.ActiveCfg = Debug|Any CPU
		{758BCCB9-F52A-4175-9E7E-3CF48256BF39}.Debug|Any CPU.Build.0 = Debug|Any CPU
		{758BCCB9-F52A-4175-9E7E-3CF48256BF39}.Debug|arm64.ActiveCfg = Debug|Any CPU
		{758BCCB9-F52A-4175-9E7E-3CF48256BF39}.Debug|arm64.Build.0 = Debug|Any CPU
		{758BCCB9-F52A-4175-9E7E-3CF48256BF39}.Debug|x64.ActiveCfg = Debug|Any CPU
		{758BCCB9-F52A-4175-9E7E-3CF48256BF39}.Debug|x64.Build.0 = Debug|Any CPU
		{758BCCB9-F52A-4175-9E7E-3CF48256BF39}.Debug|x86.ActiveCfg = Debug|x64
		{758BCCB9-F52A-4175-9E7E-3CF48256BF39}.Debug|x86.Build.0 = Debug|x64
		{758BCCB9-F52A-4175-9E7E-3CF48256BF39}.Release|Any CPU.ActiveCfg = Release|Any CPU
		{758BCCB9-F52A-4175-9E7E-3CF48256BF39}.Release|Any CPU.Build.0 = Release|Any CPU
		{758BCCB9-F52A-4175-9E7E-3CF48256BF39}.Release|arm64.ActiveCfg = Release|Any CPU
		{758BCCB9-F52A-4175-9E7E-3CF48256BF39}.Release|arm64.Build.0 = Release|Any CPU
		{758BCCB9-F52A-4175-9E7E-3CF48256BF39}.Release|x64.ActiveCfg = Release|Any CPU
		{758BCCB9-F52A-4175-9E7E-3CF48256BF39}.Release|x64.Build.0 = Release|Any CPU
		{758BCCB9-F52A-4175-9E7E-3CF48256BF39}.Release|x86.ActiveCfg = Release|Any CPU
		{758BCCB9-F52A-4175-9E7E-3CF48256BF39}.Release|x86.Build.0 = Release|Any CPU
	EndGlobalSection
	GlobalSection(SolutionProperties) = preSolution
		HideSolutionNode = FALSE
	EndGlobalSection
	GlobalSection(NestedProjects) = preSolution
		{A6912BC4-CAE6-4864-86A9-AD4E3B39A5E8} = {158BE5B9-2E8B-4604-B726-54D33EC820EF}
		{4BBCA344-8CA2-4CDD-B91E-ED8559F3519B} = {158BE5B9-2E8B-4604-B726-54D33EC820EF}
		{DDB213D7-EA9D-43D9-8E76-C72DDC28E9C7} = {158BE5B9-2E8B-4604-B726-54D33EC820EF}
		{B5E3D66B-445B-4EF6-87C0-BF1C97106FFA} = {158BE5B9-2E8B-4604-B726-54D33EC820EF}
		{11703CFC-FFC5-4AF3-A72F-543726B6BCC6} = {4BBCA344-8CA2-4CDD-B91E-ED8559F3519B}
		{37ED5549-75D4-4A9B-A6F5-B3BC4CF5FE6B} = {4BBCA344-8CA2-4CDD-B91E-ED8559F3519B}
		{72D5B35D-0E80-4052-9267-A181BA39CA33} = {11703CFC-FFC5-4AF3-A72F-543726B6BCC6}
		{5BC879AF-968A-472A-9F25-08E59A6C038F} = {11703CFC-FFC5-4AF3-A72F-543726B6BCC6}
		{8D4FA694-566F-4B9B-A392-359C25FC56BA} = {B5E3D66B-445B-4EF6-87C0-BF1C97106FFA}
		{32CA30A0-1F99-4968-9998-B2FFDEE4EE84} = {8D4FA694-566F-4B9B-A392-359C25FC56BA}
		{906B5A65-D8A6-41E6-8612-DCB0CE52F427} = {7712156B-9997-4B5A-8F3E-4F2BEAE7B6ED}
		{CDBEA1B9-402B-4E0A-B142-BB684FB38A18} = {7712156B-9997-4B5A-8F3E-4F2BEAE7B6ED}
		{F0C95534-7F50-4EA8-9143-34F6D7B88E72} = {906B5A65-D8A6-41E6-8612-DCB0CE52F427}
		{053F717B-05EA-4F9F-88E9-05C9D2743050} = {906B5A65-D8A6-41E6-8612-DCB0CE52F427}
		{4B093E61-FFEA-4A60-8FCF-A9CCAE657CB2} = {906B5A65-D8A6-41E6-8612-DCB0CE52F427}
		{8919050D-C7B6-4C94-9A0D-A71A1EA69E21} = {906B5A65-D8A6-41E6-8612-DCB0CE52F427}
		{758BCCB9-F52A-4175-9E7E-3CF48256BF39} = {9A4B964F-9890-43B7-91EA-2C4C5E3EDC18}
	EndGlobalSection
	GlobalSection(ExtensibilityGlobals) = postSolution
		SolutionGuid = {E3534CAC-D2B9-451F-8CC2-65D27FF81671}
	EndGlobalSection
EndGlobal
