
Microsoft Visual Studio Solution File, Format Version 12.00
# Visual Studio Version 17
VisualStudioVersion = 17.6.33815.320
MinimumVisualStudioVersion = 10.0.40219.1
Project("{2150E333-8FDC-42A3-9474-1A3956D46DE8}") = "build", "build", "{E134A9F5-CBCB-4FE5-A45C-93E604598740}"
	ProjectSection(SolutionItems) = preProject
		build\common.props = build\common.props
		build\version.props = build\version.props
	EndProjectSection
EndProject
Project("{2150E333-8FDC-42A3-9474-1A3956D46DE8}") = "tests", "tests", "{A6912BC4-CAE6-4864-86A9-AD4E3B39A5E8}"
EndProject
Project("{2150E333-8FDC-42A3-9474-1A3956D46DE8}") = "src", "src", "{158BE5B9-2E8B-4604-B726-54D33EC820EF}"
EndProject
Project("{2150E333-8FDC-42A3-9474-1A3956D46DE8}") = "Application Core", "Application Core", "{4BBCA344-8CA2-4CDD-B91E-ED8559F3519B}"
EndProject
Project("{2150E333-8FDC-42A3-9474-1A3956D46DE8}") = "Application Services", "Application Services", "{DDB213D7-EA9D-43D9-8E76-C72DDC28E9C7}"
EndProject
Project("{2150E333-8FDC-42A3-9474-1A3956D46DE8}") = "Infrastructures", "Infrastructures", "{B5E3D66B-445B-4EF6-87C0-BF1C97106FFA}"
EndProject
Project("{2150E333-8FDC-42A3-9474-1A3956D46DE8}") = "Domain", "Domain", "{11703CFC-FFC5-4AF3-A72F-543726B6BCC6}"
EndProject
Project("{2150E333-8FDC-42A3-9474-1A3956D46DE8}") = "SharedKernel", "SharedKernel", "{37ED5549-75D4-4A9B-A6F5-B3BC4CF5FE6B}"
EndProject
Project("{2150E333-8FDC-42A3-9474-1A3956D46DE8}") = "Core", "Core", "{72D5B35D-0E80-4052-9267-A181BA39CA33}"
EndProject
Project("{2150E333-8FDC-42A3-9474-1A3956D46DE8}") = "Support", "Support", "{5BC879AF-968A-472A-9F25-08E59A6C038F}"
EndProject
Project("{2150E333-8FDC-42A3-9474-1A3956D46DE8}") = "Presentation", "Presentation", "{8D4FA694-566F-4B9B-A392-359C25FC56BA}"
EndProject
Project("{FAE04EC0-301F-11D3-BF4B-00C04F79EFBC}") = "XLaunch", "src\Infrastructures\Presentation\XLaunch\XLaunch\XLaunch.csproj", "{32CA30A0-1F99-4968-9998-B2FFDEE4EE84}"
EndProject
Project("{FAE04EC0-301F-11D3-BF4B-00C04F79EFBC}") = "XLaunch.DataContracts", "src\Infrastructures\Presentation\XLaunch\XLaunch.DataContracts\XLaunch.DataContracts.csproj", "{1892FC28-BC80-441A-BE31-37B329538F06}"
EndProject
Project("{FAE04EC0-301F-11D3-BF4B-00C04F79EFBC}") = "XLaunch.Mobile", "src\Infrastructures\Presentation\XLaunch\XLaunch.Mobile\XLaunch.Mobile.csproj", "{6AAE7E88-F938-4C64-B185-E1FFB139104F}"
EndProject
Project("{FAE04EC0-301F-11D3-BF4B-00C04F79EFBC}") = "XLaunch.Windows", "src\Infrastructures\Presentation\XLaunch\XLaunch.Windows\XLaunch.Windows.csproj", "{B4AFDEEB-3E72-471D-B222-E009F5243A54}"
EndProject
Project("{FAE04EC0-301F-11D3-BF4B-00C04F79EFBC}") = "XLaunch.Skia.Gtk", "src\Infrastructures\Presentation\XLaunch\XLaunch.Skia.Gtk\XLaunch.Skia.Gtk.csproj", "{173BFD0E-E78E-48D9-8E2D-5F8918999715}"
EndProject
Project("{FAE04EC0-301F-11D3-BF4B-00C04F79EFBC}") = "XLaunch.Skia.Wpf", "src\Infrastructures\Presentation\XLaunch\XLaunch.Skia.WPF\XLaunch.Skia.Wpf.csproj", "{A463EE1E-E543-42DF-BD94-5FB5430848DD}"
EndProject
Global
	GlobalSection(SolutionConfigurationPlatforms) = preSolution
		Debug|Any CPU = Debug|Any CPU
		Debug|arm64 = Debug|arm64
		Debug|x64 = Debug|x64
		Debug|x86 = Debug|x86
		Release|Any CPU = Release|Any CPU
		Release|arm64 = Release|arm64
		Release|x64 = Release|x64
		Release|x86 = Release|x86
	EndGlobalSection
	GlobalSection(ProjectConfigurationPlatforms) = postSolution
		{32CA30A0-1F99-4968-9998-B2FFDEE4EE84}.Debug|Any CPU.ActiveCfg = Debug|Any CPU
		{32CA30A0-1F99-4968-9998-B2FFDEE4EE84}.Debug|Any CPU.Build.0 = Debug|Any CPU
		{32CA30A0-1F99-4968-9998-B2FFDEE4EE84}.Debug|arm64.ActiveCfg = Debug|Any CPU
		{32CA30A0-1F99-4968-9998-B2FFDEE4EE84}.Debug|arm64.Build.0 = Debug|Any CPU
		{32CA30A0-1F99-4968-9998-B2FFDEE4EE84}.Debug|x64.ActiveCfg = Debug|Any CPU
		{32CA30A0-1F99-4968-9998-B2FFDEE4EE84}.Debug|x64.Build.0 = Debug|Any CPU
		{32CA30A0-1F99-4968-9998-B2FFDEE4EE84}.Debug|x86.ActiveCfg = Debug|Any CPU
		{32CA30A0-1F99-4968-9998-B2FFDEE4EE84}.Debug|x86.Build.0 = Debug|Any CPU
		{32CA30A0-1F99-4968-9998-B2FFDEE4EE84}.Release|Any CPU.ActiveCfg = Release|Any CPU
		{32CA30A0-1F99-4968-9998-B2FFDEE4EE84}.Release|Any CPU.Build.0 = Release|Any CPU
		{32CA30A0-1F99-4968-9998-B2FFDEE4EE84}.Release|arm64.ActiveCfg = Release|Any CPU
		{32CA30A0-1F99-4968-9998-B2FFDEE4EE84}.Release|arm64.Build.0 = Release|Any CPU
		{32CA30A0-1F99-4968-9998-B2FFDEE4EE84}.Release|x64.ActiveCfg = Release|Any CPU
		{32CA30A0-1F99-4968-9998-B2FFDEE4EE84}.Release|x64.Build.0 = Release|Any CPU
		{32CA30A0-1F99-4968-9998-B2FFDEE4EE84}.Release|x86.ActiveCfg = Release|Any CPU
		{32CA30A0-1F99-4968-9998-B2FFDEE4EE84}.Release|x86.Build.0 = Release|Any CPU
		{1892FC28-BC80-441A-BE31-37B329538F06}.Debug|Any CPU.ActiveCfg = Debug|Any CPU
		{1892FC28-BC80-441A-BE31-37B329538F06}.Debug|Any CPU.Build.0 = Debug|Any CPU
		{1892FC28-BC80-441A-BE31-37B329538F06}.Debug|arm64.ActiveCfg = Debug|Any CPU
		{1892FC28-BC80-441A-BE31-37B329538F06}.Debug|arm64.Build.0 = Debug|Any CPU
		{1892FC28-BC80-441A-BE31-37B329538F06}.Debug|x64.ActiveCfg = Debug|Any CPU
		{1892FC28-BC80-441A-BE31-37B329538F06}.Debug|x64.Build.0 = Debug|Any CPU
		{1892FC28-BC80-441A-BE31-37B329538F06}.Debug|x86.ActiveCfg = Debug|Any CPU
		{1892FC28-BC80-441A-BE31-37B329538F06}.Debug|x86.Build.0 = Debug|Any CPU
		{1892FC28-BC80-441A-BE31-37B329538F06}.Release|Any CPU.ActiveCfg = Release|Any CPU
		{1892FC28-BC80-441A-BE31-37B329538F06}.Release|Any CPU.Build.0 = Release|Any CPU
		{1892FC28-BC80-441A-BE31-37B329538F06}.Release|arm64.ActiveCfg = Release|Any CPU
		{1892FC28-BC80-441A-BE31-37B329538F06}.Release|arm64.Build.0 = Release|Any CPU
		{1892FC28-BC80-441A-BE31-37B329538F06}.Release|x64.ActiveCfg = Release|Any CPU
		{1892FC28-BC80-441A-BE31-37B329538F06}.Release|x64.Build.0 = Release|Any CPU
		{1892FC28-BC80-441A-BE31-37B329538F06}.Release|x86.ActiveCfg = Release|Any CPU
		{1892FC28-BC80-441A-BE31-37B329538F06}.Release|x86.Build.0 = Release|Any CPU
		{6AAE7E88-F938-4C64-B185-E1FFB139104F}.Debug|Any CPU.ActiveCfg = Debug|Any CPU
		{6AAE7E88-F938-4C64-B185-E1FFB139104F}.Debug|Any CPU.Build.0 = Debug|Any CPU
		{6AAE7E88-F938-4C64-B185-E1FFB139104F}.Debug|arm64.ActiveCfg = Debug|Any CPU
		{6AAE7E88-F938-4C64-B185-E1FFB139104F}.Debug|arm64.Build.0 = Debug|Any CPU
		{6AAE7E88-F938-4C64-B185-E1FFB139104F}.Debug|x64.ActiveCfg = Debug|Any CPU
		{6AAE7E88-F938-4C64-B185-E1FFB139104F}.Debug|x64.Build.0 = Debug|Any CPU
		{6AAE7E88-F938-4C64-B185-E1FFB139104F}.Debug|x86.ActiveCfg = Debug|Any CPU
		{6AAE7E88-F938-4C64-B185-E1FFB139104F}.Debug|x86.Build.0 = Debug|Any CPU
		{6AAE7E88-F938-4C64-B185-E1FFB139104F}.Release|Any CPU.ActiveCfg = Release|Any CPU
		{6AAE7E88-F938-4C64-B185-E1FFB139104F}.Release|Any CPU.Build.0 = Release|Any CPU
		{6AAE7E88-F938-4C64-B185-E1FFB139104F}.Release|arm64.ActiveCfg = Release|Any CPU
		{6AAE7E88-F938-4C64-B185-E1FFB139104F}.Release|arm64.Build.0 = Release|Any CPU
		{6AAE7E88-F938-4C64-B185-E1FFB139104F}.Release|x64.ActiveCfg = Release|Any CPU
		{6AAE7E88-F938-4C64-B185-E1FFB139104F}.Release|x64.Build.0 = Release|Any CPU
		{6AAE7E88-F938-4C64-B185-E1FFB139104F}.Release|x86.ActiveCfg = Release|Any CPU
		{6AAE7E88-F938-4C64-B185-E1FFB139104F}.Release|x86.Build.0 = Release|Any CPU
		{B4AFDEEB-3E72-471D-B222-E009F5243A54}.Debug|Any CPU.ActiveCfg = Debug|x64
		{B4AFDEEB-3E72-471D-B222-E009F5243A54}.Debug|Any CPU.Build.0 = Debug|x64
		{B4AFDEEB-3E72-471D-B222-E009F5243A54}.Debug|Any CPU.Deploy.0 = Debug|x64
		{B4AFDEEB-3E72-471D-B222-E009F5243A54}.Debug|arm64.ActiveCfg = Debug|arm64
		{B4AFDEEB-3E72-471D-B222-E009F5243A54}.Debug|arm64.Build.0 = Debug|arm64
		{B4AFDEEB-3E72-471D-B222-E009F5243A54}.Debug|arm64.Deploy.0 = Debug|arm64
		{B4AFDEEB-3E72-471D-B222-E009F5243A54}.Debug|x64.ActiveCfg = Debug|x64
		{B4AFDEEB-3E72-471D-B222-E009F5243A54}.Debug|x64.Build.0 = Debug|x64
		{B4AFDEEB-3E72-471D-B222-E009F5243A54}.Debug|x64.Deploy.0 = Debug|x64
		{B4AFDEEB-3E72-471D-B222-E009F5243A54}.Debug|x86.ActiveCfg = Debug|x86
		{B4AFDEEB-3E72-471D-B222-E009F5243A54}.Debug|x86.Build.0 = Debug|x86
		{B4AFDEEB-3E72-471D-B222-E009F5243A54}.Debug|x86.Deploy.0 = Debug|x86
		{B4AFDEEB-3E72-471D-B222-E009F5243A54}.Release|Any CPU.ActiveCfg = Release|x64
		{B4AFDEEB-3E72-471D-B222-E009F5243A54}.Release|Any CPU.Build.0 = Release|x64
		{B4AFDEEB-3E72-471D-B222-E009F5243A54}.Release|Any CPU.Deploy.0 = Release|x64
		{B4AFDEEB-3E72-471D-B222-E009F5243A54}.Release|arm64.ActiveCfg = Release|arm64
		{B4AFDEEB-3E72-471D-B222-E009F5243A54}.Release|arm64.Build.0 = Release|arm64
		{B4AFDEEB-3E72-471D-B222-E009F5243A54}.Release|arm64.Deploy.0 = Release|arm64
		{B4AFDEEB-3E72-471D-B222-E009F5243A54}.Release|x64.ActiveCfg = Release|x64
		{B4AFDEEB-3E72-471D-B222-E009F5243A54}.Release|x64.Build.0 = Release|x64
		{B4AFDEEB-3E72-471D-B222-E009F5243A54}.Release|x64.Deploy.0 = Release|x64
		{B4AFDEEB-3E72-471D-B222-E009F5243A54}.Release|x86.ActiveCfg = Release|x86
		{B4AFDEEB-3E72-471D-B222-E009F5243A54}.Release|x86.Build.0 = Release|x86
		{B4AFDEEB-3E72-471D-B222-E009F5243A54}.Release|x86.Deploy.0 = Release|x86
		{173BFD0E-E78E-48D9-8E2D-5F8918999715}.Debug|Any CPU.ActiveCfg = Debug|Any CPU
		{173BFD0E-E78E-48D9-8E2D-5F8918999715}.Debug|Any CPU.Build.0 = Debug|Any CPU
		{173BFD0E-E78E-48D9-8E2D-5F8918999715}.Debug|arm64.ActiveCfg = Debug|Any CPU
		{173BFD0E-E78E-48D9-8E2D-5F8918999715}.Debug|arm64.Build.0 = Debug|Any CPU
		{173BFD0E-E78E-48D9-8E2D-5F8918999715}.Debug|x64.ActiveCfg = Debug|Any CPU
		{173BFD0E-E78E-48D9-8E2D-5F8918999715}.Debug|x64.Build.0 = Debug|Any CPU
		{173BFD0E-E78E-48D9-8E2D-5F8918999715}.Debug|x86.ActiveCfg = Debug|Any CPU
		{173BFD0E-E78E-48D9-8E2D-5F8918999715}.Debug|x86.Build.0 = Debug|Any CPU
		{173BFD0E-E78E-48D9-8E2D-5F8918999715}.Release|Any CPU.ActiveCfg = Release|Any CPU
		{173BFD0E-E78E-48D9-8E2D-5F8918999715}.Release|Any CPU.Build.0 = Release|Any CPU
		{173BFD0E-E78E-48D9-8E2D-5F8918999715}.Release|arm64.ActiveCfg = Release|Any CPU
		{173BFD0E-E78E-48D9-8E2D-5F8918999715}.Release|arm64.Build.0 = Release|Any CPU
		{173BFD0E-E78E-48D9-8E2D-5F8918999715}.Release|x64.ActiveCfg = Release|Any CPU
		{173BFD0E-E78E-48D9-8E2D-5F8918999715}.Release|x64.Build.0 = Release|Any CPU
		{173BFD0E-E78E-48D9-8E2D-5F8918999715}.Release|x86.ActiveCfg = Release|Any CPU
		{173BFD0E-E78E-48D9-8E2D-5F8918999715}.Release|x86.Build.0 = Release|Any CPU
		{A463EE1E-E543-42DF-BD94-5FB5430848DD}.Debug|Any CPU.ActiveCfg = Debug|Any CPU
		{A463EE1E-E543-42DF-BD94-5FB5430848DD}.Debug|Any CPU.Build.0 = Debug|Any CPU
		{A463EE1E-E543-42DF-BD94-5FB5430848DD}.Debug|arm64.ActiveCfg = Debug|Any CPU
		{A463EE1E-E543-42DF-BD94-5FB5430848DD}.Debug|arm64.Build.0 = Debug|Any CPU
		{A463EE1E-E543-42DF-BD94-5FB5430848DD}.Debug|x64.ActiveCfg = Debug|Any CPU
		{A463EE1E-E543-42DF-BD94-5FB5430848DD}.Debug|x64.Build.0 = Debug|Any CPU
		{A463EE1E-E543-42DF-BD94-5FB5430848DD}.Debug|x86.ActiveCfg = Debug|Any CPU
		{A463EE1E-E543-42DF-BD94-5FB5430848DD}.Debug|x86.Build.0 = Debug|Any CPU
		{A463EE1E-E543-42DF-BD94-5FB5430848DD}.Release|Any CPU.ActiveCfg = Release|Any CPU
		{A463EE1E-E543-42DF-BD94-5FB5430848DD}.Release|Any CPU.Build.0 = Release|Any CPU
		{A463EE1E-E543-42DF-BD94-5FB5430848DD}.Release|arm64.ActiveCfg = Release|Any CPU
		{A463EE1E-E543-42DF-BD94-5FB5430848DD}.Release|arm64.Build.0 = Release|Any CPU
		{A463EE1E-E543-42DF-BD94-5FB5430848DD}.Release|x64.ActiveCfg = Release|Any CPU
		{A463EE1E-E543-42DF-BD94-5FB5430848DD}.Release|x64.Build.0 = Release|Any CPU
		{A463EE1E-E543-42DF-BD94-5FB5430848DD}.Release|x86.ActiveCfg = Release|Any CPU
		{A463EE1E-E543-42DF-BD94-5FB5430848DD}.Release|x86.Build.0 = Release|Any CPU
	EndGlobalSection
	GlobalSection(SolutionProperties) = preSolution
		HideSolutionNode = FALSE
	EndGlobalSection
	GlobalSection(NestedProjects) = preSolution
		{4BBCA344-8CA2-4CDD-B91E-ED8559F3519B} = {158BE5B9-2E8B-4604-B726-54D33EC820EF}
		{DDB213D7-EA9D-43D9-8E76-C72DDC28E9C7} = {158BE5B9-2E8B-4604-B726-54D33EC820EF}
		{B5E3D66B-445B-4EF6-87C0-BF1C97106FFA} = {158BE5B9-2E8B-4604-B726-54D33EC820EF}
		{11703CFC-FFC5-4AF3-A72F-543726B6BCC6} = {4BBCA344-8CA2-4CDD-B91E-ED8559F3519B}
		{37ED5549-75D4-4A9B-A6F5-B3BC4CF5FE6B} = {4BBCA344-8CA2-4CDD-B91E-ED8559F3519B}
		{72D5B35D-0E80-4052-9267-A181BA39CA33} = {11703CFC-FFC5-4AF3-A72F-543726B6BCC6}
		{5BC879AF-968A-472A-9F25-08E59A6C038F} = {11703CFC-FFC5-4AF3-A72F-543726B6BCC6}
		{8D4FA694-566F-4B9B-A392-359C25FC56BA} = {B5E3D66B-445B-4EF6-87C0-BF1C97106FFA}
		{32CA30A0-1F99-4968-9998-B2FFDEE4EE84} = {8D4FA694-566F-4B9B-A392-359C25FC56BA}
		{1892FC28-BC80-441A-BE31-37B329538F06} = {8D4FA694-566F-4B9B-A392-359C25FC56BA}
		{6AAE7E88-F938-4C64-B185-E1FFB139104F} = {8D4FA694-566F-4B9B-A392-359C25FC56BA}
		{B4AFDEEB-3E72-471D-B222-E009F5243A54} = {8D4FA694-566F-4B9B-A392-359C25FC56BA}
		{173BFD0E-E78E-48D9-8E2D-5F8918999715} = {8D4FA694-566F-4B9B-A392-359C25FC56BA}
		{A463EE1E-E543-42DF-BD94-5FB5430848DD} = {8D4FA694-566F-4B9B-A392-359C25FC56BA}
	EndGlobalSection
	GlobalSection(ExtensibilityGlobals) = postSolution
		SolutionGuid = {E3534CAC-D2B9-451F-8CC2-65D27FF81671}
	EndGlobalSection
EndGlobal
