
Microsoft Visual Studio Solution File, Format Version 12.00
# Visual Studio Version 17
VisualStudioVersion = 17.6.33815.320
MinimumVisualStudioVersion = 10.0.40219.1
Project("{2150E333-8FDC-42A3-9474-1A3956D46DE8}") = "build", "build", "{E134A9F5-CBCB-4FE5-A45C-93E604598740}"
	ProjectSection(SolutionItems) = preProject
		build\common.props = build\common.props
		build\version.props = build\version.props
	EndProjectSection
EndProject
Project("{2150E333-8FDC-42A3-9474-1A3956D46DE8}") = "tests", "tests", "{A6912BC4-CAE6-4864-86A9-AD4E3B39A5E8}"
EndProject
Project("{2150E333-8FDC-42A3-9474-1A3956D46DE8}") = "src", "src", "{158BE5B9-2E8B-4604-B726-54D33EC820EF}"
EndProject
Project("{2150E333-8FDC-42A3-9474-1A3956D46DE8}") = "Application Core", "Application Core", "{4BBCA344-8CA2-4CDD-B91E-ED8559F3519B}"
EndProject
Project("{2150E333-8FDC-42A3-9474-1A3956D46DE8}") = "Application Services", "Application Services", "{DDB213D7-EA9D-43D9-8E76-C72DDC28E9C7}"
EndProject
Project("{2150E333-8FDC-42A3-9474-1A3956D46DE8}") = "Infrastructures", "Infrastructures", "{B5E3D66B-445B-4EF6-87C0-BF1C97106FFA}"
EndProject
Project("{2150E333-8FDC-42A3-9474-1A3956D46DE8}") = "Domain", "Domain", "{11703CFC-FFC5-4AF3-A72F-543726B6BCC6}"
EndProject
Project("{2150E333-8FDC-42A3-9474-1A3956D46DE8}") = "SharedKernel", "SharedKernel", "{37ED5549-75D4-4A9B-A6F5-B3BC4CF5FE6B}"
EndProject
Project("{2150E333-8FDC-42A3-9474-1A3956D46DE8}") = "Core", "Core", "{72D5B35D-0E80-4052-9267-A181BA39CA33}"
EndProject
Project("{2150E333-8FDC-42A3-9474-1A3956D46DE8}") = "Support", "Support", "{5BC879AF-968A-472A-9F25-08E59A6C038F}"
EndProject
Project("{2150E333-8FDC-42A3-9474-1A3956D46DE8}") = "Presentation", "Presentation", "{8D4FA694-566F-4B9B-A392-359C25FC56BA}"
EndProject
Project("{9A19103F-16F7-4668-BE54-9A1E7A4F7556}") = "XLaunch", "src\Infrastructures\Presentation\XLaunch\XLaunch\XLaunch.csproj", "{32CA30A0-1F99-4968-9998-B2FFDEE4EE84}"
EndProject
Project("{2150E333-8FDC-42A3-9474-1A3956D46DE8}") = "examples", "examples", "{9A4B964F-9890-43B7-91EA-2C4C5E3EDC18}"
EndProject
Project("{9A19103F-16F7-4668-BE54-9A1E7A4F7556}") = "XLaunch.DataContracts", "src\Infrastructures\Presentation\XLaunch\XLaunch.DataContracts\XLaunch.DataContracts.csproj", "{CDBEA1B9-402B-4E0A-B142-BB684FB38A18}"
EndProject
Project("{9A19103F-16F7-4668-BE54-9A1E7A4F7556}") = "XLaunch.Mobile", "src\Infrastructures\Presentation\XLaunch\XLaunch.Mobile\XLaunch.Mobile.csproj", "{F0C95534-7F50-4EA8-9143-34F6D7B88E72}"
EndProject
Project("{9A19103F-16F7-4668-BE54-9A1E7A4F7556}") = "XLaunch.Windows", "src\Infrastructures\Presentation\XLaunch\XLaunch.Windows\XLaunch.Windows.csproj", "{053F717B-05EA-4F9F-88E9-05C9D2743050}"
EndProject
Project("{9A19103F-16F7-4668-BE54-9A1E7A4F7556}") = "XLaunch.Skia.Gtk", "src\Infrastructures\Presentation\XLaunch\XLaunch.Skia.Gtk\XLaunch.Skia.Gtk.csproj", "{4B093E61-FFEA-4A60-8FCF-A9CCAE657CB2}"
EndProject
Project("{9A19103F-16F7-4668-BE54-9A1E7A4F7556}") = "XLaunch.Skia.Wpf", "src\Infrastructures\Presentation\XLaunch\XLaunch.Skia.WPF\XLaunch.Skia.Wpf.csproj", "{8919050D-C7B6-4C94-9A0D-A71A1EA69E21}"
EndProject
Project("{9A19103F-16F7-4668-BE54-9A1E7A4F7556}") = "NewUI.Windows", "examples\NewUI.Windows\NewUI.Windows.csproj", "{758BCCB9-F52A-4175-9E7E-3CF48256BF39}"
EndProject
Project("{9A19103F-16F7-4668-BE54-9A1E7A4F7556}") = "ColorThief", "src\Infrastructures\ColorThief\ColorThief.csproj", "{D81184E4-84E8-4A31-9A90-9DD4A43A0199}"
EndProject
Project("{9A19103F-16F7-4668-BE54-9A1E7A4F7556}") = "Hi3Helper.Core", "src\Infrastructures\Hi3Helper.Core\Hi3Helper.Core.csproj", "{F6693009-8E09-4A1E-989E-781E3E529958}"
EndProject
Project("{9A19103F-16F7-4668-BE54-9A1E7A4F7556}") = "Hi3Helper.EncTool", "src\Infrastructures\Hi3Helper.EncTool\Hi3Helper.EncTool.csproj", "{FC256475-27ED-477B-B53C-5D94FC3CFC0C}"
EndProject
Project("{9A19103F-16F7-4668-BE54-9A1E7A4F7556}") = "Hi3Helper.EncTool.Test", "src\Infrastructures\Hi3Helper.EncTool.Test\Hi3Helper.EncTool.Test.csproj", "{E5678604-82A0-4269-95DD-DC9084A87075}"
EndProject
Project("{9A19103F-16F7-4668-BE54-9A1E7A4F7556}") = "Hi3Helper.Http", "src\Infrastructures\Hi3Helper.Http\Hi3Helper.Http.csproj", "{9056DCFF-9EFE-428B-8E38-011FC185B683}"
EndProject
Project("{9A19103F-16F7-4668-BE54-9A1E7A4F7556}") = "Hi3Helper.SharpHDiffPatch", "src\Infrastructures\Hi3Helper.SharpHDiffPatch\Hi3Helper.SharpHDiffPatch\Hi3Helper.SharpHDiffPatch.csproj", "{42B9FDDE-14C1-4BFF-8019-EA456DD140DC}"
EndProject
Global
	GlobalSection(SolutionConfigurationPlatforms) = preSolution
		Debug|Any CPU = Debug|Any CPU
		Debug|arm64 = Debug|arm64
		Debug|x64 = Debug|x64
		Debug|x86 = Debug|x86
		Publish|Any CPU = Publish|Any CPU
		Publish|arm64 = Publish|arm64
		Publish|x64 = Publish|x64
		Publish|x86 = Publish|x86
		Release|Any CPU = Release|Any CPU
		Release|arm64 = Release|arm64
		Release|x64 = Release|x64
		Release|x86 = Release|x86
	EndGlobalSection
	GlobalSection(ProjectConfigurationPlatforms) = postSolution
		{32CA30A0-1F99-4968-9998-B2FFDEE4EE84}.Debug|Any CPU.ActiveCfg = Debug|Any CPU
		{32CA30A0-1F99-4968-9998-B2FFDEE4EE84}.Debug|Any CPU.Build.0 = Debug|Any CPU
		{32CA30A0-1F99-4968-9998-B2FFDEE4EE84}.Debug|arm64.ActiveCfg = Debug|Any CPU
		{32CA30A0-1F99-4968-9998-B2FFDEE4EE84}.Debug|arm64.Build.0 = Debug|Any CPU
		{32CA30A0-1F99-4968-9998-B2FFDEE4EE84}.Debug|x64.ActiveCfg = Debug|Any CPU
		{32CA30A0-1F99-4968-9998-B2FFDEE4EE84}.Debug|x64.Build.0 = Debug|Any CPU
		{32CA30A0-1F99-4968-9998-B2FFDEE4EE84}.Debug|x86.ActiveCfg = Debug|Any CPU
		{32CA30A0-1F99-4968-9998-B2FFDEE4EE84}.Debug|x86.Build.0 = Debug|Any CPU
		{32CA30A0-1F99-4968-9998-B2FFDEE4EE84}.Publish|Any CPU.ActiveCfg = Release|Any CPU
		{32CA30A0-1F99-4968-9998-B2FFDEE4EE84}.Publish|Any CPU.Build.0 = Release|Any CPU
		{32CA30A0-1F99-4968-9998-B2FFDEE4EE84}.Publish|arm64.ActiveCfg = Release|Any CPU
		{32CA30A0-1F99-4968-9998-B2FFDEE4EE84}.Publish|arm64.Build.0 = Release|Any CPU
		{32CA30A0-1F99-4968-9998-B2FFDEE4EE84}.Publish|x64.ActiveCfg = Release|Any CPU
		{32CA30A0-1F99-4968-9998-B2FFDEE4EE84}.Publish|x64.Build.0 = Release|Any CPU
		{32CA30A0-1F99-4968-9998-B2FFDEE4EE84}.Publish|x86.ActiveCfg = Release|Any CPU
		{32CA30A0-1F99-4968-9998-B2FFDEE4EE84}.Publish|x86.Build.0 = Release|Any CPU
		{32CA30A0-1F99-4968-9998-B2FFDEE4EE84}.Release|Any CPU.ActiveCfg = Release|Any CPU
		{32CA30A0-1F99-4968-9998-B2FFDEE4EE84}.Release|Any CPU.Build.0 = Release|Any CPU
		{32CA30A0-1F99-4968-9998-B2FFDEE4EE84}.Release|arm64.ActiveCfg = Release|Any CPU
		{32CA30A0-1F99-4968-9998-B2FFDEE4EE84}.Release|arm64.Build.0 = Release|Any CPU
		{32CA30A0-1F99-4968-9998-B2FFDEE4EE84}.Release|x64.ActiveCfg = Release|Any CPU
		{32CA30A0-1F99-4968-9998-B2FFDEE4EE84}.Release|x64.Build.0 = Release|Any CPU
		{32CA30A0-1F99-4968-9998-B2FFDEE4EE84}.Release|x86.ActiveCfg = Release|Any CPU
		{32CA30A0-1F99-4968-9998-B2FFDEE4EE84}.Release|x86.Build.0 = Release|Any CPU
		{CDBEA1B9-402B-4E0A-B142-BB684FB38A18}.Debug|Any CPU.ActiveCfg = Debug|Any CPU
		{CDBEA1B9-402B-4E0A-B142-BB684FB38A18}.Debug|Any CPU.Build.0 = Debug|Any CPU
		{CDBEA1B9-402B-4E0A-B142-BB684FB38A18}.Debug|arm64.ActiveCfg = Debug|Any CPU
		{CDBEA1B9-402B-4E0A-B142-BB684FB38A18}.Debug|arm64.Build.0 = Debug|Any CPU
		{CDBEA1B9-402B-4E0A-B142-BB684FB38A18}.Debug|x64.ActiveCfg = Debug|Any CPU
		{CDBEA1B9-402B-4E0A-B142-BB684FB38A18}.Debug|x64.Build.0 = Debug|Any CPU
		{CDBEA1B9-402B-4E0A-B142-BB684FB38A18}.Debug|x86.ActiveCfg = Debug|Any CPU
		{CDBEA1B9-402B-4E0A-B142-BB684FB38A18}.Debug|x86.Build.0 = Debug|Any CPU
		{CDBEA1B9-402B-4E0A-B142-BB684FB38A18}.Publish|Any CPU.ActiveCfg = Release|Any CPU
		{CDBEA1B9-402B-4E0A-B142-BB684FB38A18}.Publish|Any CPU.Build.0 = Release|Any CPU
		{CDBEA1B9-402B-4E0A-B142-BB684FB38A18}.Publish|arm64.ActiveCfg = Release|Any CPU
		{CDBEA1B9-402B-4E0A-B142-BB684FB38A18}.Publish|arm64.Build.0 = Release|Any CPU
		{CDBEA1B9-402B-4E0A-B142-BB684FB38A18}.Publish|x64.ActiveCfg = Release|Any CPU
		{CDBEA1B9-402B-4E0A-B142-BB684FB38A18}.Publish|x64.Build.0 = Release|Any CPU
		{CDBEA1B9-402B-4E0A-B142-BB684FB38A18}.Publish|x86.ActiveCfg = Release|Any CPU
		{CDBEA1B9-402B-4E0A-B142-BB684FB38A18}.Publish|x86.Build.0 = Release|Any CPU
		{CDBEA1B9-402B-4E0A-B142-BB684FB38A18}.Release|Any CPU.ActiveCfg = Release|Any CPU
		{CDBEA1B9-402B-4E0A-B142-BB684FB38A18}.Release|Any CPU.Build.0 = Release|Any CPU
		{CDBEA1B9-402B-4E0A-B142-BB684FB38A18}.Release|arm64.ActiveCfg = Release|Any CPU
		{CDBEA1B9-402B-4E0A-B142-BB684FB38A18}.Release|arm64.Build.0 = Release|Any CPU
		{CDBEA1B9-402B-4E0A-B142-BB684FB38A18}.Release|x64.ActiveCfg = Release|Any CPU
		{CDBEA1B9-402B-4E0A-B142-BB684FB38A18}.Release|x64.Build.0 = Release|Any CPU
		{CDBEA1B9-402B-4E0A-B142-BB684FB38A18}.Release|x86.ActiveCfg = Release|Any CPU
		{CDBEA1B9-402B-4E0A-B142-BB684FB38A18}.Release|x86.Build.0 = Release|Any CPU
		{F0C95534-7F50-4EA8-9143-34F6D7B88E72}.Debug|Any CPU.ActiveCfg = Debug|Any CPU
		{F0C95534-7F50-4EA8-9143-34F6D7B88E72}.Debug|Any CPU.Build.0 = Debug|Any CPU
		{F0C95534-7F50-4EA8-9143-34F6D7B88E72}.Debug|Any CPU.Deploy.0 = Debug|Any CPU
		{F0C95534-7F50-4EA8-9143-34F6D7B88E72}.Debug|arm64.ActiveCfg = Debug|Any CPU
		{F0C95534-7F50-4EA8-9143-34F6D7B88E72}.Debug|arm64.Build.0 = Debug|Any CPU
		{F0C95534-7F50-4EA8-9143-34F6D7B88E72}.Debug|x64.ActiveCfg = Debug|Any CPU
		{F0C95534-7F50-4EA8-9143-34F6D7B88E72}.Debug|x64.Build.0 = Debug|Any CPU
		{F0C95534-7F50-4EA8-9143-34F6D7B88E72}.Debug|x86.ActiveCfg = Debug|Any CPU
		{F0C95534-7F50-4EA8-9143-34F6D7B88E72}.Debug|x86.Build.0 = Debug|Any CPU
		{F0C95534-7F50-4EA8-9143-34F6D7B88E72}.Publish|Any CPU.ActiveCfg = Release|Any CPU
		{F0C95534-7F50-4EA8-9143-34F6D7B88E72}.Publish|Any CPU.Build.0 = Release|Any CPU
		{F0C95534-7F50-4EA8-9143-34F6D7B88E72}.Publish|Any CPU.Deploy.0 = Release|Any CPU
		{F0C95534-7F50-4EA8-9143-34F6D7B88E72}.Publish|arm64.ActiveCfg = Release|Any CPU
		{F0C95534-7F50-4EA8-9143-34F6D7B88E72}.Publish|arm64.Build.0 = Release|Any CPU
		{F0C95534-7F50-4EA8-9143-34F6D7B88E72}.Publish|arm64.Deploy.0 = Release|Any CPU
		{F0C95534-7F50-4EA8-9143-34F6D7B88E72}.Publish|x64.ActiveCfg = Release|Any CPU
		{F0C95534-7F50-4EA8-9143-34F6D7B88E72}.Publish|x64.Build.0 = Release|Any CPU
		{F0C95534-7F50-4EA8-9143-34F6D7B88E72}.Publish|x64.Deploy.0 = Release|Any CPU
		{F0C95534-7F50-4EA8-9143-34F6D7B88E72}.Publish|x86.ActiveCfg = Release|Any CPU
		{F0C95534-7F50-4EA8-9143-34F6D7B88E72}.Publish|x86.Build.0 = Release|Any CPU
		{F0C95534-7F50-4EA8-9143-34F6D7B88E72}.Publish|x86.Deploy.0 = Release|Any CPU
		{F0C95534-7F50-4EA8-9143-34F6D7B88E72}.Release|Any CPU.ActiveCfg = Release|Any CPU
		{F0C95534-7F50-4EA8-9143-34F6D7B88E72}.Release|Any CPU.Build.0 = Release|Any CPU
		{F0C95534-7F50-4EA8-9143-34F6D7B88E72}.Release|Any CPU.Deploy.0 = Release|Any CPU
		{F0C95534-7F50-4EA8-9143-34F6D7B88E72}.Release|arm64.ActiveCfg = Release|Any CPU
		{F0C95534-7F50-4EA8-9143-34F6D7B88E72}.Release|arm64.Build.0 = Release|Any CPU
		{F0C95534-7F50-4EA8-9143-34F6D7B88E72}.Release|x64.ActiveCfg = Release|Any CPU
		{F0C95534-7F50-4EA8-9143-34F6D7B88E72}.Release|x64.Build.0 = Release|Any CPU
		{F0C95534-7F50-4EA8-9143-34F6D7B88E72}.Release|x86.ActiveCfg = Release|Any CPU
		{F0C95534-7F50-4EA8-9143-34F6D7B88E72}.Release|x86.Build.0 = Release|Any CPU
		{053F717B-05EA-4F9F-88E9-05C9D2743050}.Debug|Any CPU.ActiveCfg = Debug|x64
		{053F717B-05EA-4F9F-88E9-05C9D2743050}.Debug|Any CPU.Build.0 = Debug|x64
		{053F717B-05EA-4F9F-88E9-05C9D2743050}.Debug|Any CPU.Deploy.0 = Debug|x64
		{053F717B-05EA-4F9F-88E9-05C9D2743050}.Debug|arm64.ActiveCfg = Debug|arm64
		{053F717B-05EA-4F9F-88E9-05C9D2743050}.Debug|arm64.Build.0 = Debug|arm64
		{053F717B-05EA-4F9F-88E9-05C9D2743050}.Debug|arm64.Deploy.0 = Debug|arm64
		{053F717B-05EA-4F9F-88E9-05C9D2743050}.Debug|x64.ActiveCfg = Debug|x64
		{053F717B-05EA-4F9F-88E9-05C9D2743050}.Debug|x64.Build.0 = Debug|x64
		{053F717B-05EA-4F9F-88E9-05C9D2743050}.Debug|x64.Deploy.0 = Debug|x64
		{053F717B-05EA-4F9F-88E9-05C9D2743050}.Debug|x86.ActiveCfg = Debug|x86
		{053F717B-05EA-4F9F-88E9-05C9D2743050}.Debug|x86.Build.0 = Debug|x86
		{053F717B-05EA-4F9F-88E9-05C9D2743050}.Debug|x86.Deploy.0 = Debug|x86
		{053F717B-05EA-4F9F-88E9-05C9D2743050}.Publish|Any CPU.ActiveCfg = Release|x64
		{053F717B-05EA-4F9F-88E9-05C9D2743050}.Publish|Any CPU.Build.0 = Release|x64
		{053F717B-05EA-4F9F-88E9-05C9D2743050}.Publish|Any CPU.Deploy.0 = Release|x64
		{053F717B-05EA-4F9F-88E9-05C9D2743050}.Publish|arm64.ActiveCfg = Release|arm64
		{053F717B-05EA-4F9F-88E9-05C9D2743050}.Publish|arm64.Build.0 = Release|arm64
		{053F717B-05EA-4F9F-88E9-05C9D2743050}.Publish|arm64.Deploy.0 = Release|arm64
		{053F717B-05EA-4F9F-88E9-05C9D2743050}.Publish|x64.ActiveCfg = Release|x64
		{053F717B-05EA-4F9F-88E9-05C9D2743050}.Publish|x64.Build.0 = Release|x64
		{053F717B-05EA-4F9F-88E9-05C9D2743050}.Publish|x64.Deploy.0 = Release|x64
		{053F717B-05EA-4F9F-88E9-05C9D2743050}.Publish|x86.ActiveCfg = Release|x86
		{053F717B-05EA-4F9F-88E9-05C9D2743050}.Publish|x86.Build.0 = Release|x86
		{053F717B-05EA-4F9F-88E9-05C9D2743050}.Publish|x86.Deploy.0 = Release|x86
		{053F717B-05EA-4F9F-88E9-05C9D2743050}.Release|Any CPU.ActiveCfg = Release|x64
		{053F717B-05EA-4F9F-88E9-05C9D2743050}.Release|Any CPU.Build.0 = Release|x64
		{053F717B-05EA-4F9F-88E9-05C9D2743050}.Release|Any CPU.Deploy.0 = Release|x64
		{053F717B-05EA-4F9F-88E9-05C9D2743050}.Release|arm64.ActiveCfg = Release|arm64
		{053F717B-05EA-4F9F-88E9-05C9D2743050}.Release|arm64.Build.0 = Release|arm64
		{053F717B-05EA-4F9F-88E9-05C9D2743050}.Release|arm64.Deploy.0 = Release|arm64
		{053F717B-05EA-4F9F-88E9-05C9D2743050}.Release|x64.ActiveCfg = Release|x64
		{053F717B-05EA-4F9F-88E9-05C9D2743050}.Release|x64.Build.0 = Release|x64
		{053F717B-05EA-4F9F-88E9-05C9D2743050}.Release|x64.Deploy.0 = Release|x64
		{053F717B-05EA-4F9F-88E9-05C9D2743050}.Release|x86.ActiveCfg = Release|x86
		{053F717B-05EA-4F9F-88E9-05C9D2743050}.Release|x86.Build.0 = Release|x86
		{053F717B-05EA-4F9F-88E9-05C9D2743050}.Release|x86.Deploy.0 = Release|x86
		{4B093E61-FFEA-4A60-8FCF-A9CCAE657CB2}.Debug|Any CPU.ActiveCfg = Debug|Any CPU
		{4B093E61-FFEA-4A60-8FCF-A9CCAE657CB2}.Debug|Any CPU.Build.0 = Debug|Any CPU
		{4B093E61-FFEA-4A60-8FCF-A9CCAE657CB2}.Debug|arm64.ActiveCfg = Debug|Any CPU
		{4B093E61-FFEA-4A60-8FCF-A9CCAE657CB2}.Debug|arm64.Build.0 = Debug|Any CPU
		{4B093E61-FFEA-4A60-8FCF-A9CCAE657CB2}.Debug|x64.ActiveCfg = Debug|Any CPU
		{4B093E61-FFEA-4A60-8FCF-A9CCAE657CB2}.Debug|x64.Build.0 = Debug|Any CPU
		{4B093E61-FFEA-4A60-8FCF-A9CCAE657CB2}.Debug|x86.ActiveCfg = Debug|Any CPU
		{4B093E61-FFEA-4A60-8FCF-A9CCAE657CB2}.Debug|x86.Build.0 = Debug|Any CPU
		{4B093E61-FFEA-4A60-8FCF-A9CCAE657CB2}.Publish|Any CPU.ActiveCfg = Release|Any CPU
		{4B093E61-FFEA-4A60-8FCF-A9CCAE657CB2}.Publish|Any CPU.Build.0 = Release|Any CPU
		{4B093E61-FFEA-4A60-8FCF-A9CCAE657CB2}.Publish|arm64.ActiveCfg = Release|Any CPU
		{4B093E61-FFEA-4A60-8FCF-A9CCAE657CB2}.Publish|arm64.Build.0 = Release|Any CPU
		{4B093E61-FFEA-4A60-8FCF-A9CCAE657CB2}.Publish|x64.ActiveCfg = Release|Any CPU
		{4B093E61-FFEA-4A60-8FCF-A9CCAE657CB2}.Publish|x64.Build.0 = Release|Any CPU
		{4B093E61-FFEA-4A60-8FCF-A9CCAE657CB2}.Publish|x86.ActiveCfg = Release|Any CPU
		{4B093E61-FFEA-4A60-8FCF-A9CCAE657CB2}.Publish|x86.Build.0 = Release|Any CPU
		{4B093E61-FFEA-4A60-8FCF-A9CCAE657CB2}.Release|Any CPU.ActiveCfg = Release|Any CPU
		{4B093E61-FFEA-4A60-8FCF-A9CCAE657CB2}.Release|Any CPU.Build.0 = Release|Any CPU
		{4B093E61-FFEA-4A60-8FCF-A9CCAE657CB2}.Release|arm64.ActiveCfg = Release|Any CPU
		{4B093E61-FFEA-4A60-8FCF-A9CCAE657CB2}.Release|arm64.Build.0 = Release|Any CPU
		{4B093E61-FFEA-4A60-8FCF-A9CCAE657CB2}.Release|x64.ActiveCfg = Release|Any CPU
		{4B093E61-FFEA-4A60-8FCF-A9CCAE657CB2}.Release|x64.Build.0 = Release|Any CPU
		{4B093E61-FFEA-4A60-8FCF-A9CCAE657CB2}.Release|x86.ActiveCfg = Release|Any CPU
		{4B093E61-FFEA-4A60-8FCF-A9CCAE657CB2}.Release|x86.Build.0 = Release|Any CPU
		{8919050D-C7B6-4C94-9A0D-A71A1EA69E21}.Debug|Any CPU.ActiveCfg = Debug|Any CPU
		{8919050D-C7B6-4C94-9A0D-A71A1EA69E21}.Debug|Any CPU.Build.0 = Debug|Any CPU
		{8919050D-C7B6-4C94-9A0D-A71A1EA69E21}.Debug|arm64.ActiveCfg = Debug|Any CPU
		{8919050D-C7B6-4C94-9A0D-A71A1EA69E21}.Debug|arm64.Build.0 = Debug|Any CPU
		{8919050D-C7B6-4C94-9A0D-A71A1EA69E21}.Debug|x64.ActiveCfg = Debug|Any CPU
		{8919050D-C7B6-4C94-9A0D-A71A1EA69E21}.Debug|x64.Build.0 = Debug|Any CPU
		{8919050D-C7B6-4C94-9A0D-A71A1EA69E21}.Debug|x86.ActiveCfg = Debug|Any CPU
		{8919050D-C7B6-4C94-9A0D-A71A1EA69E21}.Debug|x86.Build.0 = Debug|Any CPU
		{8919050D-C7B6-4C94-9A0D-A71A1EA69E21}.Publish|Any CPU.ActiveCfg = Release|Any CPU
		{8919050D-C7B6-4C94-9A0D-A71A1EA69E21}.Publish|Any CPU.Build.0 = Release|Any CPU
		{8919050D-C7B6-4C94-9A0D-A71A1EA69E21}.Publish|arm64.ActiveCfg = Release|Any CPU
		{8919050D-C7B6-4C94-9A0D-A71A1EA69E21}.Publish|arm64.Build.0 = Release|Any CPU
		{8919050D-C7B6-4C94-9A0D-A71A1EA69E21}.Publish|x64.ActiveCfg = Release|Any CPU
		{8919050D-C7B6-4C94-9A0D-A71A1EA69E21}.Publish|x64.Build.0 = Release|Any CPU
		{8919050D-C7B6-4C94-9A0D-A71A1EA69E21}.Publish|x86.ActiveCfg = Release|Any CPU
		{8919050D-C7B6-4C94-9A0D-A71A1EA69E21}.Publish|x86.Build.0 = Release|Any CPU
		{8919050D-C7B6-4C94-9A0D-A71A1EA69E21}.Release|Any CPU.ActiveCfg = Release|Any CPU
		{8919050D-C7B6-4C94-9A0D-A71A1EA69E21}.Release|Any CPU.Build.0 = Release|Any CPU
		{8919050D-C7B6-4C94-9A0D-A71A1EA69E21}.Release|arm64.ActiveCfg = Release|Any CPU
		{8919050D-C7B6-4C94-9A0D-A71A1EA69E21}.Release|arm64.Build.0 = Release|Any CPU
		{8919050D-C7B6-4C94-9A0D-A71A1EA69E21}.Release|x64.ActiveCfg = Release|Any CPU
		{8919050D-C7B6-4C94-9A0D-A71A1EA69E21}.Release|x64.Build.0 = Release|Any CPU
		{8919050D-C7B6-4C94-9A0D-A71A1EA69E21}.Release|x86.ActiveCfg = Release|Any CPU
		{8919050D-C7B6-4C94-9A0D-A71A1EA69E21}.Release|x86.Build.0 = Release|Any CPU
		{758BCCB9-F52A-4175-9E7E-3CF48256BF39}.Debug|Any CPU.ActiveCfg = Debug|Any CPU
		{758BCCB9-F52A-4175-9E7E-3CF48256BF39}.Debug|Any CPU.Build.0 = Debug|Any CPU
		{758BCCB9-F52A-4175-9E7E-3CF48256BF39}.Debug|arm64.ActiveCfg = Debug|Any CPU
		{758BCCB9-F52A-4175-9E7E-3CF48256BF39}.Debug|arm64.Build.0 = Debug|Any CPU
		{758BCCB9-F52A-4175-9E7E-3CF48256BF39}.Debug|x64.ActiveCfg = Debug|x64
		{758BCCB9-F52A-4175-9E7E-3CF48256BF39}.Debug|x64.Build.0 = Debug|x64
		{758BCCB9-F52A-4175-9E7E-3CF48256BF39}.Debug|x86.ActiveCfg = Debug|x64
		{758BCCB9-F52A-4175-9E7E-3CF48256BF39}.Debug|x86.Build.0 = Debug|x64
		{758BCCB9-F52A-4175-9E7E-3CF48256BF39}.Publish|Any CPU.ActiveCfg = Publish|x64
		{758BCCB9-F52A-4175-9E7E-3CF48256BF39}.Publish|Any CPU.Build.0 = Publish|x64
		{758BCCB9-F52A-4175-9E7E-3CF48256BF39}.Publish|arm64.ActiveCfg = Publish|x64
		{758BCCB9-F52A-4175-9E7E-3CF48256BF39}.Publish|arm64.Build.0 = Publish|x64
		{758BCCB9-F52A-4175-9E7E-3CF48256BF39}.Publish|x64.ActiveCfg = Publish|x64
		{758BCCB9-F52A-4175-9E7E-3CF48256BF39}.Publish|x64.Build.0 = Publish|x64
		{758BCCB9-F52A-4175-9E7E-3CF48256BF39}.Publish|x86.ActiveCfg = Publish|x64
		{758BCCB9-F52A-4175-9E7E-3CF48256BF39}.Publish|x86.Build.0 = Publish|x64
		{758BCCB9-F52A-4175-9E7E-3CF48256BF39}.Release|Any CPU.ActiveCfg = Release|Any CPU
		{758BCCB9-F52A-4175-9E7E-3CF48256BF39}.Release|Any CPU.Build.0 = Release|Any CPU
		{758BCCB9-F52A-4175-9E7E-3CF48256BF39}.Release|arm64.ActiveCfg = Release|Any CPU
		{758BCCB9-F52A-4175-9E7E-3CF48256BF39}.Release|arm64.Build.0 = Release|Any CPU
		{758BCCB9-F52A-4175-9E7E-3CF48256BF39}.Release|x64.ActiveCfg = Release|Any CPU
		{758BCCB9-F52A-4175-9E7E-3CF48256BF39}.Release|x64.Build.0 = Release|Any CPU
		{758BCCB9-F52A-4175-9E7E-3CF48256BF39}.Release|x86.ActiveCfg = Release|Any CPU
		{758BCCB9-F52A-4175-9E7E-3CF48256BF39}.Release|x86.Build.0 = Release|Any CPU
		{D81184E4-84E8-4A31-9A90-9DD4A43A0199}.Debug|Any CPU.ActiveCfg = Debug|x64
		{D81184E4-84E8-4A31-9A90-9DD4A43A0199}.Debug|Any CPU.Build.0 = Debug|x64
		{D81184E4-84E8-4A31-9A90-9DD4A43A0199}.Debug|arm64.ActiveCfg = Debug|x64
		{D81184E4-84E8-4A31-9A90-9DD4A43A0199}.Debug|arm64.Build.0 = Debug|x64
		{D81184E4-84E8-4A31-9A90-9DD4A43A0199}.Debug|x64.ActiveCfg = Debug|x64
		{D81184E4-84E8-4A31-9A90-9DD4A43A0199}.Debug|x64.Build.0 = Debug|x64
		{D81184E4-84E8-4A31-9A90-9DD4A43A0199}.Debug|x86.ActiveCfg = Debug|x64
		{D81184E4-84E8-4A31-9A90-9DD4A43A0199}.Debug|x86.Build.0 = Debug|x64
		{D81184E4-84E8-4A31-9A90-9DD4A43A0199}.Publish|Any CPU.ActiveCfg = Publish|x64
		{D81184E4-84E8-4A31-9A90-9DD4A43A0199}.Publish|Any CPU.Build.0 = Publish|x64
		{D81184E4-84E8-4A31-9A90-9DD4A43A0199}.Publish|arm64.ActiveCfg = Publish|x64
		{D81184E4-84E8-4A31-9A90-9DD4A43A0199}.Publish|arm64.Build.0 = Publish|x64
		{D81184E4-84E8-4A31-9A90-9DD4A43A0199}.Publish|x64.ActiveCfg = Publish|x64
		{D81184E4-84E8-4A31-9A90-9DD4A43A0199}.Publish|x64.Build.0 = Publish|x64
		{D81184E4-84E8-4A31-9A90-9DD4A43A0199}.Publish|x86.ActiveCfg = Publish|x64
		{D81184E4-84E8-4A31-9A90-9DD4A43A0199}.Publish|x86.Build.0 = Publish|x64
		{D81184E4-84E8-4A31-9A90-9DD4A43A0199}.Release|Any CPU.ActiveCfg = Release|x64
		{D81184E4-84E8-4A31-9A90-9DD4A43A0199}.Release|Any CPU.Build.0 = Release|x64
		{D81184E4-84E8-4A31-9A90-9DD4A43A0199}.Release|arm64.ActiveCfg = Release|x64
		{D81184E4-84E8-4A31-9A90-9DD4A43A0199}.Release|arm64.Build.0 = Release|x64
		{D81184E4-84E8-4A31-9A90-9DD4A43A0199}.Release|x64.ActiveCfg = Release|x64
		{D81184E4-84E8-4A31-9A90-9DD4A43A0199}.Release|x64.Build.0 = Release|x64
		{D81184E4-84E8-4A31-9A90-9DD4A43A0199}.Release|x86.ActiveCfg = Release|x64
		{D81184E4-84E8-4A31-9A90-9DD4A43A0199}.Release|x86.Build.0 = Release|x64
		{F6693009-8E09-4A1E-989E-781E3E529958}.Debug|Any CPU.ActiveCfg = Debug|x64
		{F6693009-8E09-4A1E-989E-781E3E529958}.Debug|Any CPU.Build.0 = Debug|x64
		{F6693009-8E09-4A1E-989E-781E3E529958}.Debug|arm64.ActiveCfg = Debug|x64
		{F6693009-8E09-4A1E-989E-781E3E529958}.Debug|arm64.Build.0 = Debug|x64
		{F6693009-8E09-4A1E-989E-781E3E529958}.Debug|x64.ActiveCfg = Debug|x64
		{F6693009-8E09-4A1E-989E-781E3E529958}.Debug|x64.Build.0 = Debug|x64
		{F6693009-8E09-4A1E-989E-781E3E529958}.Debug|x86.ActiveCfg = Debug|x64
		{F6693009-8E09-4A1E-989E-781E3E529958}.Debug|x86.Build.0 = Debug|x64
		{F6693009-8E09-4A1E-989E-781E3E529958}.Publish|Any CPU.ActiveCfg = Publish|x64
		{F6693009-8E09-4A1E-989E-781E3E529958}.Publish|Any CPU.Build.0 = Publish|x64
		{F6693009-8E09-4A1E-989E-781E3E529958}.Publish|arm64.ActiveCfg = Publish|x64
		{F6693009-8E09-4A1E-989E-781E3E529958}.Publish|arm64.Build.0 = Publish|x64
		{F6693009-8E09-4A1E-989E-781E3E529958}.Publish|x64.ActiveCfg = Publish|x64
		{F6693009-8E09-4A1E-989E-781E3E529958}.Publish|x64.Build.0 = Publish|x64
		{F6693009-8E09-4A1E-989E-781E3E529958}.Publish|x86.ActiveCfg = Publish|x64
		{F6693009-8E09-4A1E-989E-781E3E529958}.Publish|x86.Build.0 = Publish|x64
		{F6693009-8E09-4A1E-989E-781E3E529958}.Release|Any CPU.ActiveCfg = Release|x64
		{F6693009-8E09-4A1E-989E-781E3E529958}.Release|Any CPU.Build.0 = Release|x64
		{F6693009-8E09-4A1E-989E-781E3E529958}.Release|arm64.ActiveCfg = Release|x64
		{F6693009-8E09-4A1E-989E-781E3E529958}.Release|arm64.Build.0 = Release|x64
		{F6693009-8E09-4A1E-989E-781E3E529958}.Release|x64.ActiveCfg = Release|x64
		{F6693009-8E09-4A1E-989E-781E3E529958}.Release|x64.Build.0 = Release|x64
		{F6693009-8E09-4A1E-989E-781E3E529958}.Release|x86.ActiveCfg = Release|x64
		{F6693009-8E09-4A1E-989E-781E3E529958}.Release|x86.Build.0 = Release|x64
		{FC256475-27ED-477B-B53C-5D94FC3CFC0C}.Debug|Any CPU.ActiveCfg = Debug|x64
		{FC256475-27ED-477B-B53C-5D94FC3CFC0C}.Debug|Any CPU.Build.0 = Debug|x64
		{FC256475-27ED-477B-B53C-5D94FC3CFC0C}.Debug|arm64.ActiveCfg = Debug|x64
		{FC256475-27ED-477B-B53C-5D94FC3CFC0C}.Debug|arm64.Build.0 = Debug|x64
		{FC256475-27ED-477B-B53C-5D94FC3CFC0C}.Debug|x64.ActiveCfg = Debug|x64
		{FC256475-27ED-477B-B53C-5D94FC3CFC0C}.Debug|x64.Build.0 = Debug|x64
		{FC256475-27ED-477B-B53C-5D94FC3CFC0C}.Debug|x86.ActiveCfg = Debug|x64
		{FC256475-27ED-477B-B53C-5D94FC3CFC0C}.Debug|x86.Build.0 = Debug|x64
		{FC256475-27ED-477B-B53C-5D94FC3CFC0C}.Publish|Any CPU.ActiveCfg = Publish|x64
		{FC256475-27ED-477B-B53C-5D94FC3CFC0C}.Publish|Any CPU.Build.0 = Publish|x64
		{FC256475-27ED-477B-B53C-5D94FC3CFC0C}.Publish|arm64.ActiveCfg = Publish|x64
		{FC256475-27ED-477B-B53C-5D94FC3CFC0C}.Publish|arm64.Build.0 = Publish|x64
		{FC256475-27ED-477B-B53C-5D94FC3CFC0C}.Publish|x64.ActiveCfg = Publish|x64
		{FC256475-27ED-477B-B53C-5D94FC3CFC0C}.Publish|x64.Build.0 = Publish|x64
		{FC256475-27ED-477B-B53C-5D94FC3CFC0C}.Publish|x86.ActiveCfg = Publish|x64
		{FC256475-27ED-477B-B53C-5D94FC3CFC0C}.Publish|x86.Build.0 = Publish|x64
		{FC256475-27ED-477B-B53C-5D94FC3CFC0C}.Release|Any CPU.ActiveCfg = Release|x64
		{FC256475-27ED-477B-B53C-5D94FC3CFC0C}.Release|Any CPU.Build.0 = Release|x64
		{FC256475-27ED-477B-B53C-5D94FC3CFC0C}.Release|arm64.ActiveCfg = Release|x64
		{FC256475-27ED-477B-B53C-5D94FC3CFC0C}.Release|arm64.Build.0 = Release|x64
		{FC256475-27ED-477B-B53C-5D94FC3CFC0C}.Release|x64.ActiveCfg = Release|x64
		{FC256475-27ED-477B-B53C-5D94FC3CFC0C}.Release|x64.Build.0 = Release|x64
		{FC256475-27ED-477B-B53C-5D94FC3CFC0C}.Release|x86.ActiveCfg = Release|x64
		{FC256475-27ED-477B-B53C-5D94FC3CFC0C}.Release|x86.Build.0 = Release|x64
		{E5678604-82A0-4269-95DD-DC9084A87075}.Debug|Any CPU.ActiveCfg = Debug|x64
		{E5678604-82A0-4269-95DD-DC9084A87075}.Debug|Any CPU.Build.0 = Debug|x64
		{E5678604-82A0-4269-95DD-DC9084A87075}.Debug|arm64.ActiveCfg = Debug|x64
		{E5678604-82A0-4269-95DD-DC9084A87075}.Debug|arm64.Build.0 = Debug|x64
		{E5678604-82A0-4269-95DD-DC9084A87075}.Debug|x64.ActiveCfg = Debug|x64
		{E5678604-82A0-4269-95DD-DC9084A87075}.Debug|x64.Build.0 = Debug|x64
		{E5678604-82A0-4269-95DD-DC9084A87075}.Debug|x86.ActiveCfg = Debug|x64
		{E5678604-82A0-4269-95DD-DC9084A87075}.Debug|x86.Build.0 = Debug|x64
		{E5678604-82A0-4269-95DD-DC9084A87075}.Publish|Any CPU.ActiveCfg = Debug|x64
		{E5678604-82A0-4269-95DD-DC9084A87075}.Publish|Any CPU.Build.0 = Debug|x64
		{E5678604-82A0-4269-95DD-DC9084A87075}.Publish|arm64.ActiveCfg = Debug|x64
		{E5678604-82A0-4269-95DD-DC9084A87075}.Publish|arm64.Build.0 = Debug|x64
		{E5678604-82A0-4269-95DD-DC9084A87075}.Publish|x64.ActiveCfg = Debug|x64
		{E5678604-82A0-4269-95DD-DC9084A87075}.Publish|x64.Build.0 = Debug|x64
		{E5678604-82A0-4269-95DD-DC9084A87075}.Publish|x86.ActiveCfg = Debug|x64
		{E5678604-82A0-4269-95DD-DC9084A87075}.Publish|x86.Build.0 = Debug|x64
		{E5678604-82A0-4269-95DD-DC9084A87075}.Release|Any CPU.ActiveCfg = Release|x64
		{E5678604-82A0-4269-95DD-DC9084A87075}.Release|Any CPU.Build.0 = Release|x64
		{E5678604-82A0-4269-95DD-DC9084A87075}.Release|arm64.ActiveCfg = Release|x64
		{E5678604-82A0-4269-95DD-DC9084A87075}.Release|arm64.Build.0 = Release|x64
		{E5678604-82A0-4269-95DD-DC9084A87075}.Release|x64.ActiveCfg = Release|x64
		{E5678604-82A0-4269-95DD-DC9084A87075}.Release|x64.Build.0 = Release|x64
		{E5678604-82A0-4269-95DD-DC9084A87075}.Release|x86.ActiveCfg = Release|x64
		{E5678604-82A0-4269-95DD-DC9084A87075}.Release|x86.Build.0 = Release|x64
		{9056DCFF-9EFE-428B-8E38-011FC185B683}.Debug|Any CPU.ActiveCfg = Debug|x64
		{9056DCFF-9EFE-428B-8E38-011FC185B683}.Debug|Any CPU.Build.0 = Debug|x64
		{9056DCFF-9EFE-428B-8E38-011FC185B683}.Debug|arm64.ActiveCfg = Debug|x64
		{9056DCFF-9EFE-428B-8E38-011FC185B683}.Debug|arm64.Build.0 = Debug|x64
		{9056DCFF-9EFE-428B-8E38-011FC185B683}.Debug|x64.ActiveCfg = Debug|x64
		{9056DCFF-9EFE-428B-8E38-011FC185B683}.Debug|x64.Build.0 = Debug|x64
		{9056DCFF-9EFE-428B-8E38-011FC185B683}.Debug|x86.ActiveCfg = Debug|x64
		{9056DCFF-9EFE-428B-8E38-011FC185B683}.Debug|x86.Build.0 = Debug|x64
		{9056DCFF-9EFE-428B-8E38-011FC185B683}.Publish|Any CPU.ActiveCfg = Publish|x64
		{9056DCFF-9EFE-428B-8E38-011FC185B683}.Publish|Any CPU.Build.0 = Publish|x64
		{9056DCFF-9EFE-428B-8E38-011FC185B683}.Publish|arm64.ActiveCfg = Publish|x64
		{9056DCFF-9EFE-428B-8E38-011FC185B683}.Publish|arm64.Build.0 = Publish|x64
		{9056DCFF-9EFE-428B-8E38-011FC185B683}.Publish|x64.ActiveCfg = Publish|x64
		{9056DCFF-9EFE-428B-8E38-011FC185B683}.Publish|x64.Build.0 = Publish|x64
		{9056DCFF-9EFE-428B-8E38-011FC185B683}.Publish|x86.ActiveCfg = Publish|x64
		{9056DCFF-9EFE-428B-8E38-011FC185B683}.Publish|x86.Build.0 = Publish|x64
		{9056DCFF-9EFE-428B-8E38-011FC185B683}.Release|Any CPU.ActiveCfg = Release|x64
		{9056DCFF-9EFE-428B-8E38-011FC185B683}.Release|Any CPU.Build.0 = Release|x64
		{9056DCFF-9EFE-428B-8E38-011FC185B683}.Release|arm64.ActiveCfg = Release|x64
		{9056DCFF-9EFE-428B-8E38-011FC185B683}.Release|arm64.Build.0 = Release|x64
		{9056DCFF-9EFE-428B-8E38-011FC185B683}.Release|x64.ActiveCfg = Release|x64
		{9056DCFF-9EFE-428B-8E38-011FC185B683}.Release|x64.Build.0 = Release|x64
		{9056DCFF-9EFE-428B-8E38-011FC185B683}.Release|x86.ActiveCfg = Release|x64
		{9056DCFF-9EFE-428B-8E38-011FC185B683}.Release|x86.Build.0 = Release|x64
		{42B9FDDE-14C1-4BFF-8019-EA456DD140DC}.Debug|Any CPU.ActiveCfg = Debug|x64
		{42B9FDDE-14C1-4BFF-8019-EA456DD140DC}.Debug|Any CPU.Build.0 = Debug|x64
		{42B9FDDE-14C1-4BFF-8019-EA456DD140DC}.Debug|arm64.ActiveCfg = Debug|ARM64
		{42B9FDDE-14C1-4BFF-8019-EA456DD140DC}.Debug|arm64.Build.0 = Debug|ARM64
		{42B9FDDE-14C1-4BFF-8019-EA456DD140DC}.Debug|x64.ActiveCfg = Debug|x64
		{42B9FDDE-14C1-4BFF-8019-EA456DD140DC}.Debug|x64.Build.0 = Debug|x64
		{42B9FDDE-14C1-4BFF-8019-EA456DD140DC}.Debug|x86.ActiveCfg = Debug|x86
		{42B9FDDE-14C1-4BFF-8019-EA456DD140DC}.Debug|x86.Build.0 = Debug|x86
		{42B9FDDE-14C1-4BFF-8019-EA456DD140DC}.Publish|Any CPU.ActiveCfg = Debug|x64
		{42B9FDDE-14C1-4BFF-8019-EA456DD140DC}.Publish|Any CPU.Build.0 = Debug|x64
		{42B9FDDE-14C1-4BFF-8019-EA456DD140DC}.Publish|arm64.ActiveCfg = Debug|ARM64
		{42B9FDDE-14C1-4BFF-8019-EA456DD140DC}.Publish|arm64.Build.0 = Debug|ARM64
		{42B9FDDE-14C1-4BFF-8019-EA456DD140DC}.Publish|x64.ActiveCfg = Debug|x64
		{42B9FDDE-14C1-4BFF-8019-EA456DD140DC}.Publish|x64.Build.0 = Debug|x64
		{42B9FDDE-14C1-4BFF-8019-EA456DD140DC}.Publish|x86.ActiveCfg = Debug|x86
		{42B9FDDE-14C1-4BFF-8019-EA456DD140DC}.Publish|x86.Build.0 = Debug|x86
		{42B9FDDE-14C1-4BFF-8019-EA456DD140DC}.Release|Any CPU.ActiveCfg = Release|x64
		{42B9FDDE-14C1-4BFF-8019-EA456DD140DC}.Release|Any CPU.Build.0 = Release|x64
		{42B9FDDE-14C1-4BFF-8019-EA456DD140DC}.Release|arm64.ActiveCfg = Release|ARM64
		{42B9FDDE-14C1-4BFF-8019-EA456DD140DC}.Release|arm64.Build.0 = Release|ARM64
		{42B9FDDE-14C1-4BFF-8019-EA456DD140DC}.Release|x64.ActiveCfg = Release|x64
		{42B9FDDE-14C1-4BFF-8019-EA456DD140DC}.Release|x64.Build.0 = Release|x64
		{42B9FDDE-14C1-4BFF-8019-EA456DD140DC}.Release|x86.ActiveCfg = Release|x86
		{42B9FDDE-14C1-4BFF-8019-EA456DD140DC}.Release|x86.Build.0 = Release|x86
	EndGlobalSection
	GlobalSection(SolutionProperties) = preSolution
		HideSolutionNode = FALSE
	EndGlobalSection
	GlobalSection(NestedProjects) = preSolution
		{A6912BC4-CAE6-4864-86A9-AD4E3B39A5E8} = {158BE5B9-2E8B-4604-B726-54D33EC820EF}
		{4BBCA344-8CA2-4CDD-B91E-ED8559F3519B} = {158BE5B9-2E8B-4604-B726-54D33EC820EF}
		{DDB213D7-EA9D-43D9-8E76-C72DDC28E9C7} = {158BE5B9-2E8B-4604-B726-54D33EC820EF}
		{B5E3D66B-445B-4EF6-87C0-BF1C97106FFA} = {158BE5B9-2E8B-4604-B726-54D33EC820EF}
		{11703CFC-FFC5-4AF3-A72F-543726B6BCC6} = {4BBCA344-8CA2-4CDD-B91E-ED8559F3519B}
		{37ED5549-75D4-4A9B-A6F5-B3BC4CF5FE6B} = {4BBCA344-8CA2-4CDD-B91E-ED8559F3519B}
		{72D5B35D-0E80-4052-9267-A181BA39CA33} = {11703CFC-FFC5-4AF3-A72F-543726B6BCC6}
		{5BC879AF-968A-472A-9F25-08E59A6C038F} = {11703CFC-FFC5-4AF3-A72F-543726B6BCC6}
		{8D4FA694-566F-4B9B-A392-359C25FC56BA} = {B5E3D66B-445B-4EF6-87C0-BF1C97106FFA}
		{32CA30A0-1F99-4968-9998-B2FFDEE4EE84} = {8D4FA694-566F-4B9B-A392-359C25FC56BA}
		{CDBEA1B9-402B-4E0A-B142-BB684FB38A18} = {8D4FA694-566F-4B9B-A392-359C25FC56BA}
		{F0C95534-7F50-4EA8-9143-34F6D7B88E72} = {8D4FA694-566F-4B9B-A392-359C25FC56BA}
		{053F717B-05EA-4F9F-88E9-05C9D2743050} = {8D4FA694-566F-4B9B-A392-359C25FC56BA}
		{4B093E61-FFEA-4A60-8FCF-A9CCAE657CB2} = {8D4FA694-566F-4B9B-A392-359C25FC56BA}
		{8919050D-C7B6-4C94-9A0D-A71A1EA69E21} = {8D4FA694-566F-4B9B-A392-359C25FC56BA}
		{758BCCB9-F52A-4175-9E7E-3CF48256BF39} = {9A4B964F-9890-43B7-91EA-2C4C5E3EDC18}
		{D81184E4-84E8-4A31-9A90-9DD4A43A0199} = {B5E3D66B-445B-4EF6-87C0-BF1C97106FFA}
		{F6693009-8E09-4A1E-989E-781E3E529958} = {B5E3D66B-445B-4EF6-87C0-BF1C97106FFA}
		{FC256475-27ED-477B-B53C-5D94FC3CFC0C} = {B5E3D66B-445B-4EF6-87C0-BF1C97106FFA}
		{E5678604-82A0-4269-95DD-DC9084A87075} = {B5E3D66B-445B-4EF6-87C0-BF1C97106FFA}
		{9056DCFF-9EFE-428B-8E38-011FC185B683} = {B5E3D66B-445B-4EF6-87C0-BF1C97106FFA}
		{42B9FDDE-14C1-4BFF-8019-EA456DD140DC} = {B5E3D66B-445B-4EF6-87C0-BF1C97106FFA}
	EndGlobalSection
	GlobalSection(ExtensibilityGlobals) = postSolution
		SolutionGuid = {E3534CAC-D2B9-451F-8CC2-65D27FF81671}
	EndGlobalSection
EndGlobal
