{
  "version": 1,
  "dependencies": {
    "net8.0-windows10.0.22621": {
      "CommunityToolkit.Common": {
        "type": "Direct",
        "requested": "[8.2.2, )",
        "resolved": "8.2.2",
        "contentHash": "8/enuV1R68d0hK66UO8/HQ3yEsMjxUqondiEXlA499XB3tYgIqhCM+ITe8fHfH3l4JN3gY6h21SvkJnxfaG3NQ=="
      },
      "CommunityToolkit.Mvvm": {
        "type": "Direct",
        "requested": "[8.2.2, )",
        "resolved": "8.2.2",
        "contentHash": "r0g0k9tGYdrnz8R7T3x5UiokDffeevzK/2P/9SBL6fqLgN8B157MIi/bVUWI1KAz6ZorZrK9AdABCWUeXZZsvA=="
      },
      "CommunityToolkit.WinUI.Behaviors": {
        "type": "Direct",
        "requested": "[8.0.240109, )",
        "resolved": "8.0.240109",
        "contentHash": "Rs7rAWkIcLhs6s8d/Qh0r6IxkCLjC0CUaT2U+LgpHnFWl4A/1p3A1S+zfUIdow+wguwLGh8w1p19eWBO5hxCXw==",
        "dependencies": {
          "CommunityToolkit.WinUI.Animations": "8.0.240109",
          "CommunityToolkit.WinUI.Extensions": "8.0.240109",
          "Microsoft.Windows.SDK.BuildTools": "10.0.22621.756",
          "Microsoft.WindowsAppSDK": "1.3.230331000",
          "Microsoft.Xaml.Behaviors.WinUI.Managed": "2.0.9"
        }
      },
      "CommunityToolkit.WinUI.Controls.ImageCropper": {
        "type": "Direct",
        "requested": "[8.1.240328-rc, )",
        "resolved": "8.1.240328-rc",
        "contentHash": "W23a9N7L9GY0F7Cq8Egs7qansEo/14C6C9EPCgh9sleRwgk+y+QHdhNFFnZsLw2qdSoJW5FmEqehTDjKm6zr9g==",
        "dependencies": {
          "CommunityToolkit.WinUI.Extensions": "8.1.240328-rc",
          "Microsoft.Graphics.Win2D": "1.0.0.30",
          "Microsoft.Windows.SDK.BuildTools": "10.0.22621.756",
          "Microsoft.WindowsAppSDK": "1.5.240311000"
        }
      },
      "CommunityToolkit.WinUI.Controls.Primitives": {
        "type": "Direct",
        "requested": "[8.0.240109, )",
        "resolved": "8.0.240109",
        "contentHash": "MSOP92ygiFbaUNciCfQWTWw8eRwJrZ6G+4TNXwy6G6e/9KPLt5QsFtaqvjRaVx01BF/YwLtOGp4fNqCBdmKlRA==",
        "dependencies": {
          "CommunityToolkit.WinUI.Extensions": "8.0.240109",
          "Microsoft.Windows.SDK.BuildTools": "10.0.22621.756",
          "Microsoft.WindowsAppSDK": "1.3.230331000"
        }
      },
      "CommunityToolkit.WinUI.Controls.SettingsControls": {
        "type": "Direct",
        "requested": "[8.0.240109, )",
        "resolved": "8.0.240109",
        "contentHash": "mUkgbZHSAF7AsY//LvWQvh4eRWqONEObM+piA8SUZvsyqNYLsDl1XhdhEzyRZ6F6Y3NdSDDSNQMsve7fjCzVJA==",
        "dependencies": {
          "CommunityToolkit.WinUI.Triggers": "8.0.240109",
          "Microsoft.Windows.SDK.BuildTools": "10.0.22621.756",
          "Microsoft.WindowsAppSDK": "1.3.230331000"
        }
      },
      "CommunityToolkit.WinUI.Controls.Sizers": {
        "type": "Direct",
        "requested": "[8.0.240109, )",
        "resolved": "8.0.240109",
        "contentHash": "84gj+v4FvY3O8Owm212zlX7prylxR8alHhe6LYzRHJj3D4nCARKBbBubkKcuX+80VqdbfIv8Kq/pq8g3NtSlzQ==",
        "dependencies": {
          "CommunityToolkit.WinUI.Extensions": "8.0.240109",
          "Microsoft.Windows.SDK.BuildTools": "10.0.22621.756",
          "Microsoft.WindowsAppSDK": "1.3.230331000"
        }
      },
      "CommunityToolkit.WinUI.Converters": {
        "type": "Direct",
        "requested": "[8.0.240109, )",
        "resolved": "8.0.240109",
        "contentHash": "WYY2zP9WiByHzyW0OVLQFU4tFnCFpWsa7uz/NRIOgYD5RQn5cK6KbRlaN+D6G2fgFdqAJP453fKemojPcBsvoQ==",
        "dependencies": {
          "CommunityToolkit.Common": "8.2.1",
          "Microsoft.Windows.SDK.BuildTools": "10.0.22621.756",
          "Microsoft.WindowsAppSDK": "1.3.230331000"
        }
      },
      "CommunityToolkit.WinUI.Extensions": {
        "type": "Direct",
        "requested": "[8.1.240328-rc, )",
        "resolved": "8.1.240328-rc",
        "contentHash": "n/UMjCRktQ/e2QbiJGB6iTrZUkUu90YjY8D0UiRfiy/8BL+zP8L+sZ3eX32TLDeY4CxnAO6nXfal+a0BNL8jyA==",
        "dependencies": {
          "CommunityToolkit.Common": "8.2.1",
          "Microsoft.Windows.SDK.BuildTools": "10.0.22621.756",
          "Microsoft.WindowsAppSDK": "1.5.240311000"
        }
      },
      "CommunityToolkit.WinUI.Media": {
        "type": "Direct",
        "requested": "[8.0.240109, )",
        "resolved": "8.0.240109",
        "contentHash": "86uMPNIPwZNq98oXET9HJzCT07SuKLPsQGeDjBRQSPdou6LCo4hpw5yWDmy1cEUBe3oIgVYZjgKZw5G7Y+n6RQ==",
        "dependencies": {
          "CommunityToolkit.WinUI.Animations": "8.0.240109",
          "Microsoft.Graphics.Win2D": "1.0.5.1",
          "Microsoft.Windows.SDK.BuildTools": "10.0.22621.756",
          "Microsoft.WindowsAppSDK": "1.3.230331000"
        }
      },
      "Microsoft.Graphics.Win2D": {
        "type": "Direct",
        "requested": "[1.2.0, )",
        "resolved": "1.2.0",
        "contentHash": "7bAo8ObjCy/br0eW0nONRfVKehJu5aDe/KQekWeNXslwTOO2rhrIfWaVGepsXyVqmqwHoLJ31g1HsT7FLdBCoQ==",
        "dependencies": {
          "Microsoft.WindowsAppSDK": "1.5.240227000"
        }
      },
      "Microsoft.NETCore.Platforms": {
        "type": "Direct",
        "requested": "[8.0.0-preview.7.23375.6, )",
        "resolved": "8.0.0-preview.7.23375.6",
        "contentHash": "ym5B/aglUc4K5kkiBOOgsm7EETjenJBbMchAHvcXpfFPmrdTrhnLKC1Tvx5Qnz5kHvhloyCNTpGQvWIpxvINHg=="
      },
      "Microsoft.NETCore.Targets": {
        "type": "Direct",
        "requested": "[6.0.0-preview.4.21253.7, )",
        "resolved": "6.0.0-preview.4.21253.7",
        "contentHash": "ipvxo/6FRdrmcsAtCGI9QPeaZZSyeCk9LiSVIJ4AN36IZQG7KFtk9ZbbYgvy4wzCzHkbBmTWaf2ESBqrYEtCRg=="
      },
      "Microsoft.Windows.SDK.BuildTools": {
        "type": "Direct",
        "requested": "[10.0.22621.3233, )",
        "resolved": "10.0.22621.3233",
        "contentHash": "v67zwCb9JOpfPxdSroZukIKHruU6FUB+KwcmSPcVvUFyYtcyvcUign5y8jPQNi54CVzWvaTg646e62LbanUkxg=="
      },
      "Microsoft.WindowsAppSDK": {
        "type": "Direct",
        "requested": "[1.5.240428000, )",
        "resolved": "1.5.240428000",
        "contentHash": "gV+UHuwtbZLypWIysNlIX+WHqcm7q3I00E5n+GiDrX28fHXW4yr56d6GwP2banJLDl/JVku5zX2YUOW5X2WRZQ==",
        "dependencies": {
          "Microsoft.Windows.SDK.BuildTools": "10.0.22621.756"
        }
      },
      "Microsoft.Xaml.Behaviors.WinUI.Managed": {
        "type": "Direct",
        "requested": "[2.0.9, )",
        "resolved": "2.0.9",
        "contentHash": "rGIUCwQZB1degP2+Cc7hBbGOwuokyUxMh97umT+dpqJ8X71y2DKsXrKzDDQc8lKdWbloJbVDpzB9X42yZiS8tA==",
        "dependencies": {
          "Microsoft.WindowsAppSDK": "1.0.0"
        }
      },
      "CommunityToolkit.WinUI.Animations": {
        "type": "Transitive",
        "resolved": "8.0.240109",
        "contentHash": "63zWEFpGc4lr/lT5f8F0tr4leUqCc8tZe7J4uhJ0ZoP1GdwGZnKNBqtQApbXoxvGCLSU/5zuM3/cZIBId5dDdA==",
        "dependencies": {
          "CommunityToolkit.WinUI.Extensions": "8.0.240109",
          "Microsoft.Windows.SDK.BuildTools": "10.0.22621.756",
          "Microsoft.WindowsAppSDK": "1.3.230331000"
        }
      },
      "CommunityToolkit.WinUI.Helpers": {
        "type": "Transitive",
        "resolved": "8.0.240109",
        "contentHash": "KzIyOq455H8YtjZVNKXyQ6tS/KwFTiud+Usi9+Y3tJSqsGAu00ToNaDSVcJmec116BZ7dGA12+pdEynOQo9yEA==",
        "dependencies": {
          "CommunityToolkit.WinUI.Extensions": "8.0.240109",
          "Microsoft.Windows.SDK.BuildTools": "10.0.22621.756",
          "Microsoft.WindowsAppSDK": "1.3.230331000"
        }
      },
      "CommunityToolkit.WinUI.Triggers": {
        "type": "Transitive",
        "resolved": "8.0.240109",
        "contentHash": "fJJ9IpxjyZUyEGjWLBGl7qq1fG70PGh6EPbZyyXtEiqdefkdN315mV5omMVDePZtImLqeQO5HWJnobRxedvxAw==",
        "dependencies": {
          "CommunityToolkit.WinUI.Helpers": "8.0.240109",
          "Microsoft.Windows.SDK.BuildTools": "10.0.22621.756",
          "Microsoft.WindowsAppSDK": "1.3.230331000"
        }
      }
    },
    "net8.0-windows10.0.22621/win-x64": {
      "Microsoft.Graphics.Win2D": {
        "type": "Direct",
        "requested": "[1.2.0, )",
        "resolved": "1.2.0",
        "contentHash": "7bAo8ObjCy/br0eW0nONRfVKehJu5aDe/KQekWeNXslwTOO2rhrIfWaVGepsXyVqmqwHoLJ31g1HsT7FLdBCoQ==",
        "dependencies": {
          "Microsoft.WindowsAppSDK": "1.5.240227000"
        }
      },
      "Microsoft.WindowsAppSDK": {
        "type": "Direct",
        "requested": "[1.5.240428000, )",
        "resolved": "1.5.240428000",
        "contentHash": "gV+UHuwtbZLypWIysNlIX+WHqcm7q3I00E5n+GiDrX28fHXW4yr56d6GwP2banJLDl/JVku5zX2YUOW5X2WRZQ==",
        "dependencies": {
          "Microsoft.Windows.SDK.BuildTools": "10.0.22621.756"
        }
      }
    }
  }
}